{
  "version": 4,
  "terraform_version": "0.14.3",
  "serial": 16103,
  "lineage": "63d75121-017c-3f94-a9e5-b92faffd8f2c",
  "outputs": {},
  "resources": [
    {
      "mode": "data",
      "type": "aws_ami",
      "name": "getAMI",
      "provider": "provider[\"registry.terraform.io/hashicorp/aws\"]",
      "instances": [
        {
          "schema_version": 0,
          "attributes": {
            "architecture": "x86_64",
            "arn": "arn:aws:ec2:us-east-1::image/ami-04af77ce6ebf6d180",
            "block_device_mappings": [
              {
                "device_name": "/dev/xvda",
                "ebs": {
                  "delete_on_termination": "true",
                  "encrypted": "false",
                  "iops": "0",
                  "snapshot_id": "snap-0431f393cab75002d",
                  "volume_size": "30",
                  "volume_type": "gp2"
                },
                "no_device": "",
                "virtual_name": ""
              }
            ],
            "creation_date": "2021-02-20T01:43:56.000Z",
            "description": "",
            "executable_users": null,
            "filter": null,
            "hypervisor": "xen",
            "id": "ami-04af77ce6ebf6d180",
            "image_id": "ami-04af77ce6ebf6d180",
            "image_location": "062812664163/Public_Webserver_AMI",
            "image_owner_alias": null,
            "image_type": "machine",
            "kernel_id": null,
            "most_recent": true,
            "name": "Public_Webserver_AMI",
            "name_regex": null,
            "owner_id": "062812664163",
            "owners": [
              "062812664163"
            ],
            "platform": null,
            "product_codes": [],
            "public": false,
            "ramdisk_id": null,
            "root_device_name": "/dev/xvda",
            "root_device_type": "ebs",
            "root_snapshot_id": "snap-0431f393cab75002d",
            "sriov_net_support": "simple",
            "state": "available",
            "state_reason": {
              "code": "UNSET",
              "message": "UNSET"
            },
            "tags": {},
            "virtualization_type": "hvm"
          },
          "sensitive_attributes": []
        }
      ]
    },
    {
      "mode": "data",
      "type": "aws_canonical_user_id",
      "name": "current_user",
      "provider": "provider[\"registry.terraform.io/hashicorp/aws\"]",
      "instances": [
        {
          "schema_version": 0,
          "attributes": {
            "display_name": "awslabsc0w1147466t1600180142",
            "id": "dd33ca8c62ce087e5bcd1ee59a0b26640ffe307983d5c44ac636b9544cdd8e15"
          },
          "sensitive_attributes": []
        }
      ]
    },
    {
      "mode": "data",
      "type": "aws_network_interface",
      "name": "get_codedeploy_endpoint_commands_secure_private_dns_name",
      "provider": "provider[\"registry.terraform.io/hashicorp/aws\"]",
      "instances": []
    },
    {
      "mode": "data",
      "type": "aws_network_interface",
      "name": "get_codedeploy_endpoint_private_dns_name",
      "provider": "provider[\"registry.terraform.io/hashicorp/aws\"]",
      "instances": []
    },
    {
      "mode": "managed",
      "type": "aws_codebuild_project",
      "name": "build_repo_PRODUCTION",
      "provider": "provider[\"registry.terraform.io/hashicorp/aws\"]",
      "instances": [
        {
          "schema_version": 0,
          "attributes": {
            "arn": "arn:aws:codebuild:us-east-1:062812664163:project/build_repo_PRODUCTION",
            "artifacts": [
              {
                "artifact_identifier": "",
                "encryption_disabled": false,
                "location": "",
                "name": "Build-Project-Webserver",
                "namespace_type": "BUILD_ID",
                "override_artifact_name": false,
                "packaging": "ZIP",
                "path": "",
                "type": "CODEPIPELINE"
              }
            ],
            "badge_enabled": false,
            "badge_url": "",
            "build_timeout": 5,
            "cache": [
              {
                "location": "",
                "modes": [],
                "type": "NO_CACHE"
              }
            ],
            "description": "PRODUCTION_codebuild_project",
            "encryption_key": "arn:aws:kms:us-east-1:062812664163:alias/aws/s3",
            "environment": [
              {
                "certificate": "",
                "compute_type": "BUILD_GENERAL1_SMALL",
                "environment_variable": [],
                "image": "aws/codebuild/amazonlinux2-x86_64-standard:3.0",
                "image_pull_credentials_type": "CODEBUILD",
                "privileged_mode": false,
                "registry_credential": [],
                "type": "LINUX_CONTAINER"
              }
            ],
            "id": "arn:aws:codebuild:us-east-1:062812664163:project/build_repo_PRODUCTION",
            "logs_config": [
              {
                "cloudwatch_logs": [
                  {
                    "group_name": "codebuild-log-group",
                    "status": "ENABLED",
                    "stream_name": "codebuild-log-stream"
                  }
                ],
                "s3_logs": [
                  {
                    "encryption_disabled": false,
                    "location": "webserver-production-s3east1-bucket/Project-Build-Log",
                    "status": "ENABLED"
                  }
                ]
              }
            ],
            "name": "build_repo_PRODUCTION",
            "queued_timeout": 480,
            "secondary_artifacts": [],
            "secondary_sources": [],
            "service_role": "arn:aws:iam::062812664163:role/PRODUCTIONcodebuildIAMrole",
            "source": [
              {
                "auth": [],
                "buildspec": "",
                "git_clone_depth": 0,
                "git_submodules_config": [],
                "insecure_ssl": false,
                "location": "",
                "report_build_status": false,
                "type": "CODEPIPELINE"
              }
            ],
            "source_version": "",
            "tags": null,
            "vpc_config": []
          },
          "sensitive_attributes": [],
          "private": "bnVsbA==",
          "dependencies": [
            "aws_iam_role.PRODUCTIONcodebuildIAMrole",
            "aws_s3_bucket.s3_productionEast1",
            "data.aws_canonical_user_id.current_user"
          ]
        }
      ]
    },
    {
      "mode": "managed",
      "type": "aws_codecommit_repository",
      "name": "Developers-Testing-Production-Repository",
      "provider": "provider[\"registry.terraform.io/hashicorp/aws\"]",
      "instances": [
        {
          "schema_version": 0,
          "attributes": {
            "arn": "arn:aws:codecommit:us-east-1:062812664163:Developers-Testing-Production-Repository",
            "clone_url_http": "https://git-codecommit.us-east-1.amazonaws.com/v1/repos/Developers-Testing-Production-Repository",
            "clone_url_ssh": "ssh://git-codecommit.us-east-1.amazonaws.com/v1/repos/Developers-Testing-Production-Repository",
            "default_branch": null,
            "description": "Commits made to the 'master' branch of this repositry will trigger a pull event from codebuild. CodeBuild will use the configurations in your 'buildspec.yml' file to build the environmentand perform tests before sending it to codedeploy for production deployment. CodeDeploy will then use the configurations in your 'appspec.yml' file to proceed with the CD process as you see fit.NOTE: By default, CodeBuild and CodeDeploy looks for their respective configuration files in the 'master' branch to use for their operations. There is a way to specify a different location for these files. Please, refer to the CodeBuild and CodeDeploy terraform documentation. NOTE: It is recommended you construct your branches as you see fit and avoid users adding direct input into the 'master' branch.",
            "id": "Developers-Testing-Production-Repository",
            "repository_id": "61e5f449-aace-4681-9208-92c5d1e72cdf",
            "repository_name": "Developers-Testing-Production-Repository",
            "tags": null
          },
          "sensitive_attributes": [],
          "private": "bnVsbA=="
        }
      ]
    },
    {
      "mode": "managed",
      "type": "aws_codedeploy_app",
      "name": "appPRODUCTION",
      "provider": "provider[\"registry.terraform.io/hashicorp/aws\"]",
      "instances": [
        {
          "schema_version": 0,
          "attributes": {
            "compute_platform": "Server",
            "id": "5531e9ee-eac8-4c9d-b9a3-bdf5a19c15ca:Production-App",
            "name": "Production-App",
            "unique_id": null
          },
          "sensitive_attributes": [],
          "private": "bnVsbA=="
        }
      ]
    },
    {
      "mode": "managed",
      "type": "aws_codedeploy_deployment_config",
      "name": "PRODUCTIONhealth",
      "provider": "provider[\"registry.terraform.io/hashicorp/aws\"]",
      "instances": [
        {
          "schema_version": 0,
          "attributes": {
            "compute_platform": "Server",
            "deployment_config_id": "75fd2b40-754b-4303-8ed9-b3f92820765f",
            "deployment_config_name": "PRODUCTIONhealth",
            "id": "PRODUCTIONhealth",
            "minimum_healthy_hosts": [
              {
                "type": "HOST_COUNT",
                "value": 1
              }
            ],
            "traffic_routing_config": []
          },
          "sensitive_attributes": [],
          "private": "bnVsbA=="
        }
      ]
    },
    {
      "mode": "managed",
      "type": "aws_codedeploy_deployment_group",
      "name": "deploymentgroupPRODUCTION",
      "provider": "provider[\"registry.terraform.io/hashicorp/aws\"]",
      "instances": [
        {
          "schema_version": 0,
          "attributes": {
            "alarm_configuration": [
              {
                "alarms": [
                  "deployalarmPRODUCTION"
                ],
                "enabled": true,
                "ignore_poll_alarm_failure": false
              }
            ],
            "app_name": "Production-App",
            "auto_rollback_configuration": [
              {
                "enabled": true,
                "events": [
                  "DEPLOYMENT_FAILURE"
                ]
              }
            ],
            "autoscaling_groups": null,
            "blue_green_deployment_config": [],
            "deployment_config_name": "PRODUCTIONhealth",
            "deployment_group_name": "Website-Production-Deployment",
            "deployment_style": [
              {
                "deployment_option": "WITH_TRAFFIC_CONTROL",
                "deployment_type": "IN_PLACE"
              }
            ],
            "ec2_tag_filter": [],
            "ec2_tag_set": [
              {
                "ec2_tag_filter": [
                  {
                    "key": "ProdServer",
                    "type": "KEY_AND_VALUE",
                    "value": "ProductionServer"
                  }
                ]
              }
            ],
            "ecs_service": [],
            "id": "522c8163-ab01-4c99-8a06-049c5639e662",
            "load_balancer_info": [
              {
                "elb_info": [],
                "target_group_info": [
                  {
                    "name": "target-group-1"
                  }
                ],
                "target_group_pair_info": []
              }
            ],
            "on_premises_instance_tag_filter": [],
            "service_role_arn": "arn:aws:iam::062812664163:role/PRODUCTIONcodedeployIAMRole",
            "trigger_configuration": [
              {
                "trigger_events": [
                  "DeploymentFailure"
                ],
                "trigger_name": "CodeDeploySNS",
                "trigger_target_arn": "arn:aws:sns:us-east-1:062812664163:CodeDeploySNS"
              }
            ]
          },
          "sensitive_attributes": [],
          "private": "bnVsbA==",
          "dependencies": [
            "aws_codedeploy_app.appPRODUCTION",
            "aws_codedeploy_deployment_config.PRODUCTIONhealth",
            "aws_iam_role.PRODUCTIONcodedeployIAMRole",
            "aws_lb_target_group.target_group_1_HTTP",
            "aws_sns_topic.CodeDeploySNS",
            "aws_vpc.VPC1"
          ]
        }
      ]
    },
    {
      "mode": "managed",
      "type": "aws_codepipeline",
      "name": "Production_Pipeline",
      "provider": "provider[\"registry.terraform.io/hashicorp/aws\"]",
      "instances": [
        {
          "schema_version": 0,
          "attributes": {
            "arn": "arn:aws:codepipeline:us-east-1:062812664163:CICDwebserver",
            "artifact_store": [
              {
                "encryption_key": [
                  {
                    "id": "arn:aws:kms:us-east-1:062812664163:alias/Codepipeline-key1",
                    "type": "KMS"
                  }
                ],
                "location": "webserver-production-s3east1-bucket",
                "region": "",
                "type": "S3"
              }
            ],
            "id": "CICDwebserver",
            "name": "CICDwebserver",
            "role_arn": "arn:aws:iam::062812664163:role/Codepipeline_Webserver_Production",
            "stage": [
              {
                "action": [
                  {
                    "category": "Source",
                    "configuration": {
                      "BranchName": "master",
                      "PollForSourceChanges": "True",
                      "RepositoryName": "Developers-Testing-Production-Repository"
                    },
                    "input_artifacts": null,
                    "name": "CodeCommit_Source",
                    "namespace": "",
                    "output_artifacts": [
                      "source_output"
                    ],
                    "owner": "AWS",
                    "provider": "CodeCommit",
                    "region": "",
                    "role_arn": "",
                    "run_order": 1,
                    "version": "1"
                  }
                ],
                "name": "CodeCommit"
              },
              {
                "action": [
                  {
                    "category": "Build",
                    "configuration": {
                      "ProjectName": "build_repo_PRODUCTION"
                    },
                    "input_artifacts": [
                      "source_output"
                    ],
                    "name": "CodeBuild",
                    "namespace": "",
                    "output_artifacts": [
                      "Build-Project-Webserver"
                    ],
                    "owner": "AWS",
                    "provider": "CodeBuild",
                    "region": "",
                    "role_arn": "",
                    "run_order": 1,
                    "version": "1"
                  }
                ],
                "name": "CodeBuild"
              },
              {
                "action": [
                  {
                    "category": "Deploy",
                    "configuration": {
                      "ApplicationName": "Production-App",
                      "DeploymentGroupName": "Website-Production-Deployment"
                    },
                    "input_artifacts": [
                      "Build-Project-Webserver"
                    ],
                    "name": "Deploy",
                    "namespace": "",
                    "output_artifacts": null,
                    "owner": "AWS",
                    "provider": "CodeDeploy",
                    "region": "",
                    "role_arn": "",
                    "run_order": 1,
                    "version": "1"
                  }
                ],
                "name": "CodeDeploy"
              }
            ],
            "tags": null
          },
          "sensitive_attributes": [],
          "private": "bnVsbA==",
          "dependencies": [
            "aws_codebuild_project.build_repo_PRODUCTION",
            "aws_codecommit_repository.Developers-Testing-Production-Repository",
            "aws_codedeploy_app.appPRODUCTION",
            "aws_codedeploy_deployment_config.PRODUCTIONhealth",
            "aws_codedeploy_deployment_group.deploymentgroupPRODUCTION",
            "aws_iam_role.PRODUCTIONcodebuildIAMrole",
            "aws_iam_role.PRODUCTIONcodedeployIAMRole",
            "aws_iam_role.codepipeline_role_webserver_production",
            "aws_kms_alias.s3_bucket_kms_key1_alias",
            "aws_kms_key.s3_bucket_kms_key1",
            "aws_lb_target_group.target_group_1_HTTP",
            "aws_s3_bucket.s3_productionEast1",
            "aws_sns_topic.CodeDeploySNS",
            "aws_vpc.VPC1",
            "data.aws_canonical_user_id.current_user"
          ]
        }
      ]
    },
    {
      "mode": "managed",
      "type": "aws_default_network_acl",
      "name": "default_network_acl_VPC1",
      "provider": "provider[\"registry.terraform.io/hashicorp/aws\"]",
      "instances": [
        {
          "schema_version": 0,
          "attributes": {
            "arn": "arn:aws:ec2:us-east-1:062812664163:network-acl/acl-04964fff73ade3efd",
            "default_network_acl_id": "acl-04964fff73ade3efd",
            "egress": [
              {
                "action": "allow",
                "cidr_block": "0.0.0.0/0",
                "from_port": 0,
                "icmp_code": null,
                "icmp_type": null,
                "ipv6_cidr_block": "",
                "protocol": "-1",
                "rule_no": 1,
                "to_port": 0
              }
            ],
            "id": "acl-04964fff73ade3efd",
            "ingress": [
              {
                "action": "allow",
                "cidr_block": "0.0.0.0/0",
                "from_port": 0,
                "icmp_code": null,
                "icmp_type": null,
                "ipv6_cidr_block": "",
                "protocol": "-1",
                "rule_no": 1,
                "to_port": 0
              }
            ],
            "owner_id": "062812664163",
            "subnet_ids": null,
            "tags": {
              "Name": "Default ACL"
            },
            "vpc_id": "vpc-080cab294e28df3df"
          },
          "sensitive_attributes": [],
          "private": "bnVsbA==",
          "dependencies": [
            "aws_network_acl.dummy_default_acl_VPC1",
            "aws_vpc.VPC1"
          ]
        }
      ]
    },
    {
      "mode": "managed",
      "type": "aws_default_route_table",
      "name": "default_route_table",
      "provider": "provider[\"registry.terraform.io/hashicorp/aws\"]",
      "instances": [
        {
          "schema_version": 0,
          "attributes": {
            "default_route_table_id": "rtb-0a559142f96175501",
            "id": "rtb-0a559142f96175501",
            "owner_id": "062812664163",
            "propagating_vgws": null,
            "route": [],
            "tags": {
              "Name": "VPC1 Default Table"
            },
            "vpc_id": "vpc-080cab294e28df3df"
          },
          "sensitive_attributes": [],
          "private": "bnVsbA==",
          "dependencies": [
            "aws_vpc.VPC1"
          ]
        }
      ]
    },
    {
      "mode": "managed",
      "type": "aws_default_security_group",
      "name": "default_security_group_VPC1",
      "provider": "provider[\"registry.terraform.io/hashicorp/aws\"]",
      "instances": [
        {
          "schema_version": 1,
          "attributes": {
            "arn": "arn:aws:ec2:us-east-1:062812664163:security-group/sg-0848dba4f354210ec",
            "description": "default VPC security group",
            "egress": [
              {
                "cidr_blocks": [
                  "0.0.0.0/0"
                ],
                "description": "UDP HTTP Traffic from internet",
                "from_port": 0,
                "ipv6_cidr_blocks": [],
                "prefix_list_ids": [],
                "protocol": "-1",
                "security_groups": [],
                "self": false,
                "to_port": 0
              }
            ],
            "id": "sg-0848dba4f354210ec",
            "ingress": [
              {
                "cidr_blocks": [
                  "0.0.0.0/0"
                ],
                "description": "TCP HTTP Traffic from internet",
                "from_port": 0,
                "ipv6_cidr_blocks": [],
                "prefix_list_ids": [],
                "protocol": "-1",
                "security_groups": [],
                "self": false,
                "to_port": 0
              }
            ],
            "name": "default",
            "owner_id": "062812664163",
            "revoke_rules_on_delete": false,
            "tags": null,
            "vpc_id": "vpc-080cab294e28df3df"
          },
          "sensitive_attributes": [],
          "private": "eyJzY2hlbWFfdmVyc2lvbiI6IjEifQ==",
          "dependencies": [
            "aws_vpc.VPC1"
          ]
        }
      ]
    },
    {
      "mode": "managed",
      "type": "aws_default_vpc_dhcp_options",
      "name": "default_dhcp_options_VPC1",
      "provider": "provider[\"registry.terraform.io/hashicorp/aws\"]",
      "instances": [
        {
          "schema_version": 0,
          "attributes": {
            "arn": "arn:aws:ec2:us-east-1:062812664163:dhcp-options/dopt-d40568ae",
            "domain_name": "ec2.internal",
            "domain_name_servers": "AmazonProvidedDNS",
            "id": "dopt-d40568ae",
            "netbios_name_servers": null,
            "netbios_node_type": null,
            "ntp_servers": null,
            "owner_id": "062812664163",
            "tags": {
              "Name": "Default DHCP Option Set"
            }
          },
          "sensitive_attributes": [],
          "private": "bnVsbA=="
        }
      ]
    },
    {
      "mode": "managed",
      "type": "aws_ec2_tag",
      "name": "nat_useast1a_tag",
      "provider": "provider[\"registry.terraform.io/hashicorp/aws\"]",
      "instances": [
        {
          "schema_version": 0,
          "attributes": {
            "id": "i-0f99c3a6f97bad459,NAT1",
            "key": "NAT1",
            "resource_id": "i-0f99c3a6f97bad459",
            "value": "Server1"
          },
          "sensitive_attributes": [],
          "private": "bnVsbA==",
          "dependencies": [
            "aws_default_security_group.default_security_group_VPC1",
            "aws_instance.nat_useast1a",
            "aws_key_pair.nat_key3",
            "aws_subnet.subnet1_VPC1",
            "aws_vpc.VPC1"
          ]
        }
      ]
    },
    {
      "mode": "managed",
      "type": "aws_ec2_tag",
      "name": "nat_useast1b_tag",
      "provider": "provider[\"registry.terraform.io/hashicorp/aws\"]",
      "instances": [
        {
          "schema_version": 0,
          "attributes": {
            "id": "i-0f99c3a6f97bad459,NAT1",
            "key": "NAT1",
            "resource_id": "i-0f99c3a6f97bad459",
            "value": "Server1"
          },
          "sensitive_attributes": [],
          "private": "bnVsbA==",
          "dependencies": [
            "aws_default_security_group.default_security_group_VPC1",
            "aws_instance.nat_useast1a",
            "aws_key_pair.nat_key3",
            "aws_subnet.subnet1_VPC1",
            "aws_vpc.VPC1"
          ]
        }
      ]
    },
    {
      "mode": "managed",
      "type": "aws_ec2_tag",
      "name": "webserver_1_tag",
      "provider": "provider[\"registry.terraform.io/hashicorp/aws\"]",
      "instances": [
        {
          "schema_version": 0,
          "attributes": {
            "id": "i-076e484fb4c75444c,ProdServer",
            "key": "ProdServer",
            "resource_id": "i-076e484fb4c75444c",
            "value": "ProductionServer"
          },
          "sensitive_attributes": [],
          "private": "bnVsbA==",
          "dependencies": [
            "aws_default_security_group.default_security_group_VPC1",
            "aws_iam_instance_profile.ec2_instance_profile",
            "aws_iam_role.ec2IAMRole",
            "aws_instance.webserver_1_PRODUCTION",
            "aws_key_pair.production_key1",
            "aws_network_interface.webserver_1_interface",
            "aws_subnet.subnet2_VPC1",
            "aws_vpc.VPC1",
            "data.aws_ami.getAMI"
          ]
        }
      ]
    },
    {
      "mode": "managed",
      "type": "aws_ec2_tag",
      "name": "webserver_2_tag",
      "provider": "provider[\"registry.terraform.io/hashicorp/aws\"]",
      "instances": [
        {
          "schema_version": 0,
          "attributes": {
            "id": "i-0071fd65570c72edb,ProdServer",
            "key": "ProdServer",
            "resource_id": "i-0071fd65570c72edb",
            "value": "ProductionServer"
          },
          "sensitive_attributes": [],
          "private": "bnVsbA==",
          "dependencies": [
            "aws_default_security_group.default_security_group_VPC1",
            "aws_iam_instance_profile.ec2_instance_profile",
            "aws_iam_role.ec2IAMRole",
            "aws_instance.webserver_2_PRODUCTION",
            "aws_key_pair.production_key2",
            "aws_network_interface.webserver_2_interface",
            "aws_subnet.subnet5_VPC1",
            "aws_vpc.VPC1",
            "data.aws_ami.getAMI"
          ]
        }
      ]
    },
    {
      "mode": "managed",
      "type": "aws_eip",
      "name": "eip_nat_useast1a",
      "provider": "provider[\"registry.terraform.io/hashicorp/aws\"]",
      "instances": [
        {
          "schema_version": 0,
          "attributes": {
            "allocation_id": null,
            "associate_with_private_ip": null,
            "association_id": "eipassoc-00d27b9da36aa2497",
            "carrier_ip": "",
            "customer_owned_ip": "",
            "customer_owned_ipv4_pool": "",
            "domain": "vpc",
            "id": "eipalloc-011ccb477145308cb",
            "instance": "i-0f99c3a6f97bad459",
            "network_border_group": "us-east-1",
            "network_interface": "eni-0a44a1a68bf90378f",
            "private_dns": "ip-192-168-1-5.ec2.internal",
            "private_ip": "192.168.1.5",
            "public_dns": "ec2-54-144-191-229.compute-1.amazonaws.com",
            "public_ip": "54.144.191.229",
            "public_ipv4_pool": "amazon",
            "tags": null,
            "timeouts": null,
            "vpc": true
          },
          "sensitive_attributes": [],
          "private": "eyJlMmJmYjczMC1lY2FhLTExZTYtOGY4OC0zNDM2M2JjN2M0YzAiOnsiZGVsZXRlIjoxODAwMDAwMDAwMDAsInJlYWQiOjkwMDAwMDAwMDAwMCwidXBkYXRlIjozMDAwMDAwMDAwMDB9fQ==",
          "dependencies": [
            "aws_default_security_group.default_security_group_VPC1",
            "aws_instance.nat_useast1a",
            "aws_key_pair.nat_key3",
            "aws_subnet.subnet1_VPC1",
            "aws_vpc.VPC1"
          ]
        }
      ]
    },
    {
      "mode": "managed",
      "type": "aws_eip",
      "name": "eip_nat_useast1b",
      "provider": "provider[\"registry.terraform.io/hashicorp/aws\"]",
      "instances": [
        {
          "schema_version": 0,
          "attributes": {
            "allocation_id": null,
            "associate_with_private_ip": null,
            "association_id": "eipassoc-0cb8f7b8e7df8f335",
            "carrier_ip": "",
            "customer_owned_ip": "",
            "customer_owned_ipv4_pool": "",
            "domain": "vpc",
            "id": "eipalloc-0edccb55c030a0c7c",
            "instance": "i-0095ad9096826e2f2",
            "network_border_group": "us-east-1",
            "network_interface": "eni-0d473a6b67c22bb78",
            "private_dns": "ip-192-168-4-5.ec2.internal",
            "private_ip": "192.168.4.5",
            "public_dns": "ec2-34-196-143-117.compute-1.amazonaws.com",
            "public_ip": "34.196.143.117",
            "public_ipv4_pool": "amazon",
            "tags": null,
            "timeouts": null,
            "vpc": true
          },
          "sensitive_attributes": [],
          "private": "eyJlMmJmYjczMC1lY2FhLTExZTYtOGY4OC0zNDM2M2JjN2M0YzAiOnsiZGVsZXRlIjoxODAwMDAwMDAwMDAsInJlYWQiOjkwMDAwMDAwMDAwMCwidXBkYXRlIjozMDAwMDAwMDAwMDB9fQ==",
          "dependencies": [
            "aws_default_security_group.default_security_group_VPC1",
            "aws_instance.nat_useast1b",
            "aws_key_pair.nat_key2",
            "aws_subnet.subnet4_VPC1",
            "aws_vpc.VPC1"
          ]
        }
      ]
    },
    {
      "mode": "managed",
      "type": "aws_iam_instance_profile",
      "name": "ec2_instance_profile",
      "provider": "provider[\"registry.terraform.io/hashicorp/aws\"]",
      "instances": [
        {
          "schema_version": 0,
          "attributes": {
            "arn": "arn:aws:iam::062812664163:instance-profile/ec2-instance-profile",
            "create_date": "2021-02-20T04:37:24Z",
            "id": "ec2-instance-profile",
            "name": "ec2-instance-profile",
            "name_prefix": null,
            "path": "/",
            "role": "ec2-IAMRole",
            "unique_id": "AIPAQ5H7NGFR44TIC3J6X"
          },
          "sensitive_attributes": [],
          "private": "bnVsbA==",
          "dependencies": [
            "aws_iam_role.ec2IAMRole"
          ]
        }
      ]
    },
    {
      "mode": "managed",
      "type": "aws_iam_policy",
      "name": "ec2CodeDeployPolicy",
      "provider": "provider[\"registry.terraform.io/hashicorp/aws\"]",
      "instances": [
        {
          "schema_version": 0,
          "attributes": {
            "arn": "arn:aws:iam::062812664163:policy/EC2codedeployPolicy",
            "description": "",
            "id": "arn:aws:iam::062812664163:policy/EC2codedeployPolicy",
            "name": "EC2codedeployPolicy",
            "name_prefix": null,
            "path": "/",
            "policy": "{\n  \"Version\": \"2012-10-17\",\n  \"Statement\": [\n    {\n      \"Effect\": \"Allow\",\n      \"Action\": [\n          \"ec2:DescribeInstances\",\n          \"ec2:DescribeInstanceStatus\",\n          \"ec2:DescribeDhcpOptions\",\n          \"ec2:DescribeNetworkInterfaces\",\n          \"ec2:DescribeAvailabilityZones\",\n          \"ec2:DescribeSubnets\",\n          \"ec2:DescribeSecurityGroups\",\n          \"ec2:DescribeNetworkAcls\",\n          \"ec2:DescribeRouteTables\",\n          \"ec2:DescribeVpcs\",\n          \"ec2:DescribeVpcEndpointConnection\",\n          \"ec2:DescribeVpcEndpointConnections\",\n          \"ec2:DescribeVpcEndpointConnectionNotifications\",\n          \"ec2:DescribeVpcEndpointServicePermissions\",\n          \"ec2:DescribeVpcEndpointServices\",\n          \"ec2:AcceptVpcEndpointConnections\",\n          \"ec2:RunInstances\",\n          \"ec2:StartInstances\",\n          \"ec2:StartVpcEndpointServicePrivateDnsVerification\",\n          \"ec2:StopInstances\"\n         ],\n      \"Resource\": \"*\"\n    },\n    {\n      \"Effect\": \"Allow\",\n      \"Action\": [\n        \"tag:GetResources\",\n        \"sns:Publish\",\n        \"elasticloadbalancing:DescribeLoadBalancers\",\n        \"elasticloadbalancing:DescribeInstanceHealth\",\n        \"elasticloadbalancing:RegisterInstancesWithLoadBalancer\",\n        \"elasticloadbalancing:DeregisterInstancesFromLoadBalancer\",\n        \"elasticloadbalancing:DescribeTargetGroups\",\n        \"elasticloadbalancing:DescribeTargetHealth\",\n        \"elasticloadbalancing:RegisterTargets\",\n        \"elasticloadbalancing:DeregisterTargets\",\n        \"cloudwatch:DescribeAlarms\"\n        ],\n      \"Resource\": \"*\"\n    },\n    {\n      \"Effect\": \"Allow\",\n      \"Action\": [\n        \"codedeploy-commands-secure:GetDeploymentSpecification\",\n        \"codedeploy-commands-secure:PollHostCommand\",\n        \"codedeploy-commands-secure:PutHostCommandAcknowledgement\",\n        \"codedeploy-commands-secure:PutHostCommandComplete\"\n      ],\n      \"Resource\": \"*\"\n    },\n    {\n    \"Effect\": \"Allow\",\n    \"Action\": [\n       \"s3:ListBucket\",\n       \"s3:ListBucketVersions\",\n       \"s3:GetBucketAcl\",\n       \"s3:GetBucketLocation\",\n       \"s3:GetBucketOwnershipControls\",\n       \"s3:GetBucketPolicy\",\n       \"s3:GetBucketPolicyStatus\",\n       \"s3:GetBucketVersioning\",\n       \"s3:GetEncryptionConfiguration\",\n       \"s3:GetObject\",\n       \"s3:GetObjectAcl\",\n       \"s3:GetObjectVersion\",\n       \"s3:GetObjectVersionAcl\"\n    ],\n    \"Resource\": [\n        \"arn:aws:s3:::webserver-production-s3east1-bucket\",\n        \"arn:aws:s3:::webserver-production-s3east1-bucket/*\",\n        \"arn:aws:s3:::aws-codedeploy-us-east-1\",\n        \"arn:aws:s3:::aws-codedeploy-us-east-1/*\"\n      ]\n    },\n    {\n    \"Effect\": \"Allow\",\n    \"Action\": [\n      \"kms:*\"\n    ],\n    \"Resource\": \"*\"\n    }\n  ]\n}\n"
          },
          "sensitive_attributes": [],
          "private": "bnVsbA==",
          "dependencies": [
            "aws_s3_bucket.s3_productionEast1",
            "data.aws_canonical_user_id.current_user"
          ]
        }
      ]
    },
    {
      "mode": "managed",
      "type": "aws_iam_role",
      "name": "PRODUCTIONcodebuildIAMrole",
      "provider": "provider[\"registry.terraform.io/hashicorp/aws\"]",
      "instances": [
        {
          "schema_version": 0,
          "attributes": {
            "arn": "arn:aws:iam::062812664163:role/PRODUCTIONcodebuildIAMrole",
            "assume_role_policy": "{\"Version\":\"2012-10-17\",\"Statement\":[{\"Effect\":\"Allow\",\"Principal\":{\"Service\":\"codebuild.amazonaws.com\"},\"Action\":\"sts:AssumeRole\"}]}",
            "create_date": "2021-02-20T04:37:24Z",
            "description": "",
            "force_detach_policies": false,
            "id": "PRODUCTIONcodebuildIAMrole",
            "max_session_duration": 3600,
            "name": "PRODUCTIONcodebuildIAMrole",
            "name_prefix": null,
            "path": "/",
            "permissions_boundary": null,
            "tags": null,
            "unique_id": "AROAQ5H7NGFR252SQIZZP"
          },
          "sensitive_attributes": [],
          "private": "bnVsbA=="
        }
      ]
    },
    {
      "mode": "managed",
      "type": "aws_iam_role",
      "name": "PRODUCTIONcodedeployIAMRole",
      "provider": "provider[\"registry.terraform.io/hashicorp/aws\"]",
      "instances": [
        {
          "schema_version": 0,
          "attributes": {
            "arn": "arn:aws:iam::062812664163:role/PRODUCTIONcodedeployIAMRole",
            "assume_role_policy": "{\"Version\":\"2012-10-17\",\"Statement\":[{\"Effect\":\"Allow\",\"Principal\":{\"Service\":[\"codedeploy.us-east-1.amazonaws.com\",\"codepipeline.amazonaws.com\",\"sns.amazonaws.com\"]},\"Action\":\"sts:AssumeRole\"}]}",
            "create_date": "2021-02-20T04:37:24Z",
            "description": "",
            "force_detach_policies": false,
            "id": "PRODUCTIONcodedeployIAMRole",
            "max_session_duration": 3600,
            "name": "PRODUCTIONcodedeployIAMRole",
            "name_prefix": null,
            "path": "/",
            "permissions_boundary": null,
            "tags": null,
            "unique_id": "AROAQ5H7NGFRRRZH3Y3W3"
          },
          "sensitive_attributes": [],
          "private": "bnVsbA=="
        }
      ]
    },
    {
      "mode": "managed",
      "type": "aws_iam_role",
      "name": "codepipeline_role_webserver_production",
      "provider": "provider[\"registry.terraform.io/hashicorp/aws\"]",
      "instances": [
        {
          "schema_version": 0,
          "attributes": {
            "arn": "arn:aws:iam::062812664163:role/Codepipeline_Webserver_Production",
            "assume_role_policy": "{\"Version\":\"2012-10-17\",\"Statement\":[{\"Effect\":\"Allow\",\"Principal\":{\"Service\":\"codepipeline.amazonaws.com\"},\"Action\":\"sts:AssumeRole\"}]}",
            "create_date": "2021-02-20T04:37:24Z",
            "description": "",
            "force_detach_policies": false,
            "id": "Codepipeline_Webserver_Production",
            "max_session_duration": 3600,
            "name": "Codepipeline_Webserver_Production",
            "name_prefix": null,
            "path": "/",
            "permissions_boundary": null,
            "tags": null,
            "unique_id": "AROAQ5H7NGFR5R762TJEF"
          },
          "sensitive_attributes": [],
          "private": "bnVsbA=="
        }
      ]
    },
    {
      "mode": "managed",
      "type": "aws_iam_role",
      "name": "ec2IAMRole",
      "provider": "provider[\"registry.terraform.io/hashicorp/aws\"]",
      "instances": [
        {
          "schema_version": 0,
          "attributes": {
            "arn": "arn:aws:iam::062812664163:role/ec2-IAMRole",
            "assume_role_policy": "{\"Version\":\"2012-10-17\",\"Statement\":[{\"Effect\":\"Allow\",\"Principal\":{\"Service\":[\"s3.amazonaws.com\",\"codepipeline.amazonaws.com\",\"codedeploy.us-east-1.amazonaws.com\",\"ec2.amazonaws.com\"]},\"Action\":\"sts:AssumeRole\"}]}",
            "create_date": "2021-02-20T04:37:24Z",
            "description": "",
            "force_detach_policies": false,
            "id": "ec2-IAMRole",
            "max_session_duration": 3600,
            "name": "ec2-IAMRole",
            "name_prefix": null,
            "path": "/",
            "permissions_boundary": null,
            "tags": null,
            "unique_id": "AROAQ5H7NGFR3WW6EOXEG"
          },
          "sensitive_attributes": [],
          "private": "bnVsbA=="
        }
      ]
    },
    {
      "mode": "managed",
      "type": "aws_iam_role_policy",
      "name": "CodedeployCodepipelinePolicy",
      "provider": "provider[\"registry.terraform.io/hashicorp/aws\"]",
      "instances": [
        {
          "schema_version": 0,
          "attributes": {
            "id": "PRODUCTIONcodedeployIAMRole:terraform-20210220043725105700000002",
            "name": "terraform-20210220043725105700000002",
            "name_prefix": null,
            "policy": "{\n    \"Version\": \"2012-10-17\",\n    \"Statement\": [\n        {\n            \"Action\": [\n                \"codedeploy:Batch*\",\n                \"codedeploy:CreateDeployment\",\n                \"codedeploy:Get*\",\n                \"codedeploy:List*\",\n                \"codedeploy:RegisterApplicationRevision\"\n            ],\n            \"Effect\": \"Allow\",\n            \"Resource\": \"*\"\n        },\n        {\n      \"Action\": [\n        \"kms:*\"\n      ],\n      \"Resource\": \"*\",\n      \"Effect\": \"Allow\"\n        },\n        {\n            \"Effect\": \"Allow\",\n            \"Action\": [\n                \"tag:GetResources\",\n                \"sns:Publish\",\n                \"elasticloadbalancing:DescribeLoadBalancers\",\n                \"elasticloadbalancing:DescribeInstanceHealth\",\n                \"elasticloadbalancing:RegisterInstancesWithLoadBalancer\",\n                \"elasticloadbalancing:DeregisterInstancesFromLoadBalancer\",\n                \"elasticloadbalancing:DescribeTargetGroups\",\n                \"elasticloadbalancing:DescribeTargetHealth\",\n                \"elasticloadbalancing:RegisterTargets\",\n                \"elasticloadbalancing:DeregisterTargets\",\n                \"cloudwatch:DescribeAlarms\"\n            ],\n            \"Resource\": \"*\"\n        },\n        {\n      \"Effect\": \"Allow\",\n      \"Action\": [\n        \"ec2:DescribeInstances\",\n        \"ec2:DescribeInstanceStatus\",\n        \"ec2:DescribeDhcpOptions\",\n        \"ec2:DescribeNetworkInterfaces\",\n        \"ec2:DeleteNetworkInterface\",\n        \"ec2:DescribeSubnets\",\n        \"ec2:DescribeSecurityGroups\",\n        \"ec2:DescribeVpcs\"\n      ],\n      \"Resource\": \"*\"\n    },\n        {\n      \"Effect\": \"Allow\",\n      \"Action\": [ \n      \"s3:GetObject\",\n      \"s3:GetObjectVersion\",\n      \"s3:ListBucket\"\n      ],\n      \"Resource\": [\n        \"arn:aws:s3:::webserver-production-s3east1-bucket\",\n        \"arn:aws:s3:::webserver-production-s3east1-bucket/*\"\n      ]\n    }\n    ]\n}\n",
            "role": "PRODUCTIONcodedeployIAMRole"
          },
          "sensitive_attributes": [],
          "private": "bnVsbA==",
          "dependencies": [
            "aws_iam_role.PRODUCTIONcodedeployIAMRole",
            "aws_s3_bucket.s3_productionEast1",
            "data.aws_canonical_user_id.current_user"
          ]
        }
      ]
    },
    {
      "mode": "managed",
      "type": "aws_iam_role_policy",
      "name": "PRODUCTIONcodebuildIAMpolicy",
      "provider": "provider[\"registry.terraform.io/hashicorp/aws\"]",
      "instances": [
        {
          "schema_version": 0,
          "attributes": {
            "id": "PRODUCTIONcodebuildIAMrole:terraform-20210220043725129900000003",
            "name": "terraform-20210220043725129900000003",
            "name_prefix": null,
            "policy": "{\n  \"Version\": \"2012-10-17\",\n  \"Statement\": [\n    {\n      \"Effect\": \"Allow\",\n      \"Resource\": [\n        \"*\"\n      ],\n      \"Action\": [\n        \"logs:CreateLogGroup\",\n        \"logs:CreateLogStream\",\n        \"logs:PutLogEvents\"\n      ]\n    },\n    {\n      \"Effect\": \"Allow\",\n      \"Action\": [ \"ec2:*\"],\n      \"Resource\": \"*\"\n    },\n    {\n            \"Action\": [\n                \"codecommit:*\"\n            ],\n            \"Resource\": \"*\",\n            \"Effect\": \"Allow\"\n        },\n    {\n      \"Effect\": \"Allow\",\n      \"Action\": [\n        \"ec2:CreateNetworkInterface\",\n        \"ec2:DescribeDhcpOptions\",\n        \"ec2:DescribeNetworkInterfaces\",\n        \"ec2:DeleteNetworkInterface\",\n        \"ec2:DescribeSubnets\",\n        \"ec2:DescribeSecurityGroups\",\n        \"ec2:DescribeVpcs\"\n      ],\n      \"Resource\": \"*\"\n    },\n    {\n      \"Effect\": \"Allow\",\n      \"Action\": [\n        \"ec2:CreateNetworkInterfacePermission\"\n      ],\n      \"Resource\": [\"*\"],\n      \"Condition\": {\n        \"StringEquals\": {\n          \"ec2:Subnet\": \"*\",\n          \"ec2:AuthorizedService\": \"codebuild.amazonaws.com\"\n        }\n      }\n    },\n    {\n      \"Effect\": \"Allow\",\n      \"Action\": [\n        \"s3:*\"\n      ],\n      \"Resource\": [\n        \"arn:aws:s3:::webserver-production-s3east1-bucket\",\n        \"arn:aws:s3:::webserver-production-s3east1-bucket/*\"\n      ]\n    },\n    {\n      \"Effect\": \"Allow\",\n      \"Action\": [ \n      \"s3:Put*\",\n      \"s3:List*\",\n      \"s3:Get*\"\n      ],\n      \"Resource\": [\n        \"arn:aws:s3:::webserver-production-s3east1-bucket\",\n        \"arn:aws:s3:::webserver-production-s3east1-bucket/*\"\n      ]\n    },\n    {\n      \"Action\": [\n        \"kms:*\"\n      ],\n      \"Resource\": \"*\",\n      \"Effect\": \"Allow\"\n    },\n    {\n      \"Effect\": \"Allow\",\n      \"Action\": [ \"secretsmanager:GetSecretValue\"],\n      \"Resource\": \"*\"\n    }\n  ]\n}\n",
            "role": "PRODUCTIONcodebuildIAMrole"
          },
          "sensitive_attributes": [],
          "private": "bnVsbA==",
          "dependencies": [
            "aws_iam_role.PRODUCTIONcodebuildIAMrole",
            "aws_s3_bucket.s3_productionEast1",
            "data.aws_canonical_user_id.current_user"
          ]
        }
      ]
    },
    {
      "mode": "managed",
      "type": "aws_iam_role_policy",
      "name": "codepipeline_policy",
      "provider": "provider[\"registry.terraform.io/hashicorp/aws\"]",
      "instances": [
        {
          "schema_version": 0,
          "attributes": {
            "id": "Codepipeline_Webserver_Production:codepipeline_policy",
            "name": "codepipeline_policy",
            "name_prefix": null,
            "policy": "{\n  \"Version\": \"2012-10-17\",\n  \"Statement\": [\n        {\n            \"Action\":\"codepipeline:*\",\n            \"Resource\": \"*\",\n            \"Effect\": \"Allow\"\n        },\n        {\n            \"Effect\": \"Allow\",\n            \"Action\": [\n                \"ec2:DescribeInstances\",\n                \"ec2:DescribeInstanceStatus\",\n                \"ec2:TerminateInstances\",\n                \"tag:GetResources\",\n                \"sns:Publish\",\n                \"elasticloadbalancing:DescribeLoadBalancers\",\n                \"elasticloadbalancing:DescribeInstanceHealth\",\n                \"elasticloadbalancing:RegisterInstancesWithLoadBalancer\",\n                \"elasticloadbalancing:DeregisterInstancesFromLoadBalancer\",\n                \"elasticloadbalancing:DescribeTargetGroups\",\n                \"elasticloadbalancing:DescribeTargetHealth\",\n                \"elasticloadbalancing:RegisterTargets\",\n                \"elasticloadbalancing:DeregisterTargets\",\n                \"cloudwatch:DescribeAlarms\"\n            ],\n            \"Resource\": \"*\"\n        },\n        {\n            \"Effect\": \"Allow\",\n            \"Action\": [\n                \"appconfig:StartDeployment\",\n                \"appconfig:StopDeployment\",\n                \"appconfig:GetDeployment\"\n            ],\n            \"Resource\": \"*\"\n        },\n        {\n            \"Action\": [\n              \"s3:*\"\n            ],\n            \"Resource\": [\n              \"arn:aws:s3:::webserver-production-s3east1-bucket\",\n              \"arn:aws:s3:::webserver-production-s3east1-bucket/*\"\n            ],\n            \"Effect\": \"Allow\"\n        },\n        {\n            \"Effect\": \"Allow\",\n            \"Action\": [\n              \"s3:List*\",\n              \"s3:Put*\",\n              \"s3:Get*\"\n            ],\n            \"Resource\": [\n              \"arn:aws:s3:::webserver-production-s3east1-bucket\",\n              \"arn:aws:s3:::webserver-production-s3east1-bucket/*\"\n            ]\n        },\n        {\n            \"Action\": [\n              \"kms:*\"\n            ],\n            \"Resource\": \"*\",\n            \"Effect\": \"Allow\"\n        },\n        {\n            \"Action\": [\n                \"codedeploy:CreateDeployment\",\n                \"codedeploy:GetApplication\",\n                \"codedeploy:GetApplicationRevision\",\n                \"codedeploy:GetDeployment\",\n                \"codedeploy:GetDeploymentConfig\",\n                \"codedeploy:RegisterApplicationRevision\"\n            ],\n            \"Resource\": \"*\",\n            \"Effect\": \"Allow\"\n        },\n        {\n            \"Action\": [\n                \"ec2:*\"\n            ],\n            \"Resource\": \"*\",\n            \"Effect\": \"Allow\"\n        },\n        {\n            \"Action\": [\n                \"codecommit:*\"\n            ],\n            \"Resource\": \"*\",\n            \"Effect\": \"Allow\"\n        },\n        {\n            \"Action\": [\n                \"codebuild:BatchGetBuilds\",\n                \"codebuild:StartBuild\",\n                \"codebuild:BatchGetBuildBatches\",\n                \"codebuild:StartBuildBatch\"\n            ],\n            \"Resource\": \"*\",\n            \"Effect\": \"Allow\"\n        }\n    ]\n}\n",
            "role": "Codepipeline_Webserver_Production"
          },
          "sensitive_attributes": [],
          "private": "bnVsbA==",
          "dependencies": [
            "aws_iam_role.codepipeline_role_webserver_production",
            "aws_s3_bucket.s3_productionEast1",
            "data.aws_canonical_user_id.current_user"
          ]
        }
      ]
    },
    {
      "mode": "managed",
      "type": "aws_iam_role_policy_attachment",
      "name": "codedeploy_policy_attachment",
      "provider": "provider[\"registry.terraform.io/hashicorp/aws\"]",
      "instances": [
        {
          "schema_version": 0,
          "attributes": {
            "id": "ec2-IAMRole-20210220043725405700000004",
            "policy_arn": "arn:aws:iam::062812664163:policy/EC2codedeployPolicy",
            "role": "ec2-IAMRole"
          },
          "sensitive_attributes": [],
          "private": "bnVsbA==",
          "dependencies": [
            "aws_iam_policy.ec2CodeDeployPolicy",
            "aws_iam_role.ec2IAMRole",
            "aws_s3_bucket.s3_productionEast1",
            "data.aws_canonical_user_id.current_user"
          ]
        }
      ]
    },
    {
      "mode": "managed",
      "type": "aws_instance",
      "name": "nat_useast1a",
      "provider": "provider[\"registry.terraform.io/hashicorp/aws\"]",
      "instances": [
        {
          "schema_version": 1,
          "attributes": {
            "ami": "ami-01ef31f9f39c5aaed",
            "arn": "arn:aws:ec2:us-east-1:062812664163:instance/i-0f99c3a6f97bad459",
            "associate_public_ip_address": false,
            "availability_zone": "us-east-1a",
            "cpu_core_count": 1,
            "cpu_threads_per_core": 1,
            "credit_specification": [
              {
                "cpu_credits": "standard"
              }
            ],
            "disable_api_termination": false,
            "ebs_block_device": [],
            "ebs_optimized": false,
            "enclave_options": [
              {
                "enabled": false
              }
            ],
            "ephemeral_block_device": [],
            "get_password_data": false,
            "hibernation": false,
            "host_id": null,
            "iam_instance_profile": "CICDterraformRole",
            "id": "i-0f99c3a6f97bad459",
            "instance_initiated_shutdown_behavior": null,
            "instance_state": "running",
            "instance_type": "t2.micro",
            "ipv6_address_count": 0,
            "ipv6_addresses": [],
            "key_name": "NATserv1",
            "metadata_options": [
              {
                "http_endpoint": "enabled",
                "http_put_response_hop_limit": 1,
                "http_tokens": "optional"
              }
            ],
            "monitoring": true,
            "network_interface": [],
            "outpost_arn": "",
            "password_data": "",
            "placement_group": "",
            "primary_network_interface_id": "eni-0a44a1a68bf90378f",
            "private_dns": "ip-192-168-1-5.ec2.internal",
            "private_ip": "192.168.1.5",
            "public_dns": "",
            "public_ip": "",
            "root_block_device": [
              {
                "delete_on_termination": true,
                "device_name": "/dev/xvda",
                "encrypted": false,
                "iops": 0,
                "kms_key_id": "",
                "throughput": 0,
                "volume_id": "vol-01ca44cc8b654a9ae",
                "volume_size": 8,
                "volume_type": "standard"
              }
            ],
            "secondary_private_ips": [],
            "security_groups": [],
            "source_dest_check": false,
            "subnet_id": "subnet-0fd48c89fdcb2591e",
            "tags": null,
            "tenancy": "default",
            "timeouts": null,
            "user_data": null,
            "user_data_base64": null,
            "volume_tags": {},
            "vpc_security_group_ids": [
              "sg-0848dba4f354210ec"
            ]
          },
          "sensitive_attributes": [],
          "private": "eyJlMmJmYjczMC1lY2FhLTExZTYtOGY4OC0zNDM2M2JjN2M0YzAiOnsiY3JlYXRlIjo2MDAwMDAwMDAwMDAsImRlbGV0ZSI6MTIwMDAwMDAwMDAwMCwidXBkYXRlIjo2MDAwMDAwMDAwMDB9LCJzY2hlbWFfdmVyc2lvbiI6IjEifQ==",
          "dependencies": [
            "aws_default_security_group.default_security_group_VPC1",
            "aws_key_pair.nat_key3",
            "aws_subnet.subnet1_VPC1",
            "aws_vpc.VPC1"
          ]
        }
      ]
    },
    {
      "mode": "managed",
      "type": "aws_instance",
      "name": "nat_useast1b",
      "provider": "provider[\"registry.terraform.io/hashicorp/aws\"]",
      "instances": [
        {
          "schema_version": 1,
          "attributes": {
            "ami": "ami-01ef31f9f39c5aaed",
            "arn": "arn:aws:ec2:us-east-1:062812664163:instance/i-0095ad9096826e2f2",
            "associate_public_ip_address": false,
            "availability_zone": "us-east-1b",
            "cpu_core_count": 1,
            "cpu_threads_per_core": 1,
            "credit_specification": [
              {
                "cpu_credits": "standard"
              }
            ],
            "disable_api_termination": false,
            "ebs_block_device": [],
            "ebs_optimized": false,
            "enclave_options": [
              {
                "enabled": false
              }
            ],
            "ephemeral_block_device": [],
            "get_password_data": false,
            "hibernation": false,
            "host_id": null,
            "iam_instance_profile": "CICDterraformRole",
            "id": "i-0095ad9096826e2f2",
            "instance_initiated_shutdown_behavior": null,
            "instance_state": "running",
            "instance_type": "t2.micro",
            "ipv6_address_count": 0,
            "ipv6_addresses": [],
            "key_name": "NATserv2",
            "metadata_options": [
              {
                "http_endpoint": "enabled",
                "http_put_response_hop_limit": 1,
                "http_tokens": "optional"
              }
            ],
            "monitoring": true,
            "network_interface": [],
            "outpost_arn": "",
            "password_data": "",
            "placement_group": "",
            "primary_network_interface_id": "eni-0d473a6b67c22bb78",
            "private_dns": "ip-192-168-4-5.ec2.internal",
            "private_ip": "192.168.4.5",
            "public_dns": "",
            "public_ip": "",
            "root_block_device": [
              {
                "delete_on_termination": true,
                "device_name": "/dev/xvda",
                "encrypted": false,
                "iops": 0,
                "kms_key_id": "",
                "throughput": 0,
                "volume_id": "vol-0c40c76f7ad600577",
                "volume_size": 8,
                "volume_type": "standard"
              }
            ],
            "secondary_private_ips": [],
            "security_groups": [],
            "source_dest_check": false,
            "subnet_id": "subnet-02747d32cb38a6b91",
            "tags": null,
            "tenancy": "default",
            "timeouts": null,
            "user_data": null,
            "user_data_base64": null,
            "volume_tags": {},
            "vpc_security_group_ids": [
              "sg-0848dba4f354210ec"
            ]
          },
          "sensitive_attributes": [],
          "private": "eyJlMmJmYjczMC1lY2FhLTExZTYtOGY4OC0zNDM2M2JjN2M0YzAiOnsiY3JlYXRlIjo2MDAwMDAwMDAwMDAsImRlbGV0ZSI6MTIwMDAwMDAwMDAwMCwidXBkYXRlIjo2MDAwMDAwMDAwMDB9LCJzY2hlbWFfdmVyc2lvbiI6IjEifQ==",
          "dependencies": [
            "aws_default_security_group.default_security_group_VPC1",
            "aws_key_pair.nat_key2",
            "aws_subnet.subnet4_VPC1",
            "aws_vpc.VPC1"
          ]
        }
      ]
    },
    {
      "mode": "managed",
      "type": "aws_instance",
      "name": "webserver_1_PRODUCTION",
      "provider": "provider[\"registry.terraform.io/hashicorp/aws\"]",
      "instances": [
        {
          "schema_version": 1,
          "attributes": {
            "ami": "ami-04af77ce6ebf6d180",
            "arn": "arn:aws:ec2:us-east-1:062812664163:instance/i-076e484fb4c75444c",
            "associate_public_ip_address": false,
            "availability_zone": "us-east-1a",
            "cpu_core_count": 1,
            "cpu_threads_per_core": 1,
            "credit_specification": [
              {
                "cpu_credits": "standard"
              }
            ],
            "disable_api_termination": false,
            "ebs_block_device": [],
            "ebs_optimized": false,
            "enclave_options": [
              {
                "enabled": false
              }
            ],
            "ephemeral_block_device": [],
            "get_password_data": false,
            "hibernation": false,
            "host_id": null,
            "iam_instance_profile": "ec2-instance-profile",
            "id": "i-076e484fb4c75444c",
            "instance_initiated_shutdown_behavior": null,
            "instance_state": "running",
            "instance_type": "t2.micro",
            "ipv6_address_count": 0,
            "ipv6_addresses": [],
            "key_name": "Webserver1",
            "metadata_options": [
              {
                "http_endpoint": "enabled",
                "http_put_response_hop_limit": 1,
                "http_tokens": "optional"
              }
            ],
            "monitoring": true,
            "network_interface": [
              {
                "delete_on_termination": false,
                "device_index": 0,
                "network_interface_id": "eni-00d9e0c144c006090"
              }
            ],
            "outpost_arn": "",
            "password_data": "",
            "placement_group": "",
            "primary_network_interface_id": "eni-00d9e0c144c006090",
            "private_dns": "ip-192-168-2-8.ec2.internal",
            "private_ip": "192.168.2.8",
            "public_dns": "",
            "public_ip": "",
            "root_block_device": [
              {
                "delete_on_termination": true,
                "device_name": "/dev/xvda",
                "encrypted": false,
                "iops": 100,
                "kms_key_id": "",
                "throughput": 0,
                "volume_id": "vol-07ede8de32a59581f",
                "volume_size": 30,
                "volume_type": "gp2"
              }
            ],
            "secondary_private_ips": [],
            "security_groups": [],
            "source_dest_check": true,
            "subnet_id": "subnet-0eedb25b5c2a93638",
            "tags": null,
            "tenancy": "default",
            "timeouts": null,
            "user_data": null,
            "user_data_base64": null,
            "volume_tags": {},
            "vpc_security_group_ids": [
              "sg-0848dba4f354210ec"
            ]
          },
          "sensitive_attributes": [],
          "private": "eyJlMmJmYjczMC1lY2FhLTExZTYtOGY4OC0zNDM2M2JjN2M0YzAiOnsiY3JlYXRlIjo2MDAwMDAwMDAwMDAsImRlbGV0ZSI6MTIwMDAwMDAwMDAwMCwidXBkYXRlIjo2MDAwMDAwMDAwMDB9LCJzY2hlbWFfdmVyc2lvbiI6IjEifQ==",
          "dependencies": [
            "aws_default_security_group.default_security_group_VPC1",
            "aws_iam_instance_profile.ec2_instance_profile",
            "aws_iam_role.ec2IAMRole",
            "aws_key_pair.production_key1",
            "aws_network_interface.webserver_1_interface",
            "aws_subnet.subnet2_VPC1",
            "aws_vpc.VPC1",
            "data.aws_ami.getAMI"
          ]
        }
      ]
    },
    {
      "mode": "managed",
      "type": "aws_instance",
      "name": "webserver_2_PRODUCTION",
      "provider": "provider[\"registry.terraform.io/hashicorp/aws\"]",
      "instances": [
        {
          "schema_version": 1,
          "attributes": {
            "ami": "ami-04af77ce6ebf6d180",
            "arn": "arn:aws:ec2:us-east-1:062812664163:instance/i-0071fd65570c72edb",
            "associate_public_ip_address": false,
            "availability_zone": "us-east-1b",
            "cpu_core_count": 1,
            "cpu_threads_per_core": 1,
            "credit_specification": [
              {
                "cpu_credits": "standard"
              }
            ],
            "disable_api_termination": false,
            "ebs_block_device": [],
            "ebs_optimized": false,
            "enclave_options": [
              {
                "enabled": false
              }
            ],
            "ephemeral_block_device": [],
            "get_password_data": false,
            "hibernation": false,
            "host_id": null,
            "iam_instance_profile": "ec2-instance-profile",
            "id": "i-0071fd65570c72edb",
            "instance_initiated_shutdown_behavior": null,
            "instance_state": "running",
            "instance_type": "t2.micro",
            "ipv6_address_count": 0,
            "ipv6_addresses": [],
            "key_name": "Webserver2",
            "metadata_options": [
              {
                "http_endpoint": "enabled",
                "http_put_response_hop_limit": 1,
                "http_tokens": "optional"
              }
            ],
            "monitoring": true,
            "network_interface": [
              {
                "delete_on_termination": false,
                "device_index": 0,
                "network_interface_id": "eni-07e0ac767f472210b"
              }
            ],
            "outpost_arn": "",
            "password_data": "",
            "placement_group": "",
            "primary_network_interface_id": "eni-07e0ac767f472210b",
            "private_dns": "ip-192-168-5-8.ec2.internal",
            "private_ip": "192.168.5.8",
            "public_dns": "",
            "public_ip": "",
            "root_block_device": [
              {
                "delete_on_termination": true,
                "device_name": "/dev/xvda",
                "encrypted": false,
                "iops": 100,
                "kms_key_id": "",
                "throughput": 0,
                "volume_id": "vol-06f5aaef9105e7d64",
                "volume_size": 30,
                "volume_type": "gp2"
              }
            ],
            "secondary_private_ips": [],
            "security_groups": [],
            "source_dest_check": true,
            "subnet_id": "subnet-0ff0e6befbbfd36f0",
            "tags": null,
            "tenancy": "default",
            "timeouts": null,
            "user_data": null,
            "user_data_base64": null,
            "volume_tags": {},
            "vpc_security_group_ids": [
              "sg-0848dba4f354210ec"
            ]
          },
          "sensitive_attributes": [],
          "private": "eyJlMmJmYjczMC1lY2FhLTExZTYtOGY4OC0zNDM2M2JjN2M0YzAiOnsiY3JlYXRlIjo2MDAwMDAwMDAwMDAsImRlbGV0ZSI6MTIwMDAwMDAwMDAwMCwidXBkYXRlIjo2MDAwMDAwMDAwMDB9LCJzY2hlbWFfdmVyc2lvbiI6IjEifQ==",
          "dependencies": [
            "aws_default_security_group.default_security_group_VPC1",
            "aws_iam_instance_profile.ec2_instance_profile",
            "aws_iam_role.ec2IAMRole",
            "aws_key_pair.production_key2",
            "aws_network_interface.webserver_2_interface",
            "aws_subnet.subnet5_VPC1",
            "aws_vpc.VPC1",
            "data.aws_ami.getAMI"
          ]
        }
      ]
    },
    {
      "mode": "managed",
      "type": "aws_internet_gateway",
      "name": "gw1_VPC1",
      "provider": "provider[\"registry.terraform.io/hashicorp/aws\"]",
      "instances": [
        {
          "schema_version": 0,
          "attributes": {
            "arn": "arn:aws:ec2:us-east-1:062812664163:internet-gateway/igw-0ecd062d37e6fc386",
            "id": "igw-0ecd062d37e6fc386",
            "owner_id": "062812664163",
            "tags": {
              "Name": "VPC1_Internet_Gateway"
            },
            "vpc_id": "vpc-080cab294e28df3df"
          },
          "sensitive_attributes": [],
          "private": "bnVsbA==",
          "dependencies": [
            "aws_vpc.VPC1"
          ]
        }
      ]
    },
    {
      "mode": "managed",
      "type": "aws_key_pair",
      "name": "nat_key2",
      "provider": "provider[\"registry.terraform.io/hashicorp/aws\"]",
      "instances": [
        {
          "schema_version": 1,
          "attributes": {
            "arn": "arn:aws:ec2:us-east-1:062812664163:key-pair/NATserv2",
            "fingerprint": "f4:64:c4:4b:2c:ca:98:04:17:12:a2:d3:1e:81:a4:ab",
            "id": "NATserv2",
            "key_name": "NATserv2",
            "key_name_prefix": null,
            "key_pair_id": "key-09961a7177b74b34e",
            "public_key": "ssh-rsa AAAAB3NzaC1yc2EAAAADAQABAAABAQC4Bn64B0BwR9HkKsCQGnCJH6hmZCye7PQDWDrcJyhg37HPzTm6EBuGPPellJgLXayytZOW4FD1rUM87+z1UB92vpUhmUHnZVozqarWETDE0N0BgaPjTjdU4v5bGgyDcqTi/KBYTiLI0RALxn8UGGbUVhxfA5Jx7nFOwqPS5NKpCLKXk2rrbWKllmG1h8wScMP5YhPdFQPaYw/1Bk45C6NVGaIVZZ7o2aY1g5f8c6+q2S+i3SB2yDCZGrHzKu3y1VyznAofLWsMVLq/By8cH8Z0N3/Jr8tQtWjxw2n/brsJGlmyobVymEcGvIMwMhHmQndpr7mdXciCR29CQBaqti71 ec2-user@boltzwebserve",
            "tags": null
          },
          "sensitive_attributes": [],
          "private": "eyJzY2hlbWFfdmVyc2lvbiI6IjEifQ=="
        }
      ]
    },
    {
      "mode": "managed",
      "type": "aws_key_pair",
      "name": "nat_key3",
      "provider": "provider[\"registry.terraform.io/hashicorp/aws\"]",
      "instances": [
        {
          "schema_version": 1,
          "attributes": {
            "arn": "arn:aws:ec2:us-east-1:062812664163:key-pair/NATserv1",
            "fingerprint": "29:25:a1:22:5d:9d:2b:9b:5a:ad:ba:e8:5b:fa:b4:3d",
            "id": "NATserv1",
            "key_name": "NATserv1",
            "key_name_prefix": null,
            "key_pair_id": "key-0893aa93b140ff79b",
            "public_key": "ssh-rsa AAAAB3NzaC1yc2EAAAADAQABAAABAQDLn98h5WiPgqgQCvWZERWFIU23FNVf+xMcL7igtdzmEYwoRiNcdkuejCmDDT9tTH8/ZweCg8r7dvgctXZIWU9E5S15Plxr/6PeItVVSy01pRbqnYXAEAIVN356kQYyjo9YngyYDCspXQ9moSvXi4AsfUla/P8z6uYOtzlCIASDd/CELTMCOl4jvRMsSlOk/uMmukP+UREpE0JViT2HgHH9hdXybXaJ3CgMejl0jp0vMxadTA0Fa1C+zAKsFtWmnCi+vKqQuyXwxIE/fRdWdTG9+2q6HW3hXBebMGBMXm3zvaDVMHuAnXtbo/BXkj46ewG10KFfNBeCmuzTT6VBaZRv ec2-user@boltzwebserver",
            "tags": null
          },
          "sensitive_attributes": [],
          "private": "eyJzY2hlbWFfdmVyc2lvbiI6IjEifQ=="
        }
      ]
    },
    {
      "mode": "managed",
      "type": "aws_key_pair",
      "name": "production_key1",
      "provider": "provider[\"registry.terraform.io/hashicorp/aws\"]",
      "instances": [
        {
          "schema_version": 1,
          "attributes": {
            "arn": "arn:aws:ec2:us-east-1:062812664163:key-pair/Webserver1",
            "fingerprint": "41:f6:cf:04:15:44:38:78:f0:00:d3:01:b3:44:fc:2c",
            "id": "Webserver1",
            "key_name": "Webserver1",
            "key_name_prefix": null,
            "key_pair_id": "key-0e69fa58f44cda345",
            "public_key": "ssh-rsa AAAAB3NzaC1yc2EAAAADAQABAAABAQDh26v6jWTq8OutZ1By/MelfxGn8ckgBCcJRX+7e0hDHWobb+FyvvgUdoTekB4GSHC6v+lNCKIeYMLneHT0I3hSa+zIpQvRftH1NEp+Xi+rHd/u55/IzawOV7MVQ0RlVW88THNtf5Zgc82kNOnrKbwRE4bwwenh41XXvwmF+r30vznJB/3KXE1UShlnlxifDcbz60O8M0GVl7qutXlNINkqDj25ddUzybmiGudwlYHuaFYhG2+wkb58NOicLOotlyie+ZIKB+pQQB9JNs2uq3CkmEQyNsuLRDncwDtkIjELog2qC+G8z4cF8GNWOIafzGkSuTcml+Zsv9/zpj4DP2mH ec2-user@boltzwebserver",
            "tags": null
          },
          "sensitive_attributes": [],
          "private": "eyJzY2hlbWFfdmVyc2lvbiI6IjEifQ=="
        }
      ]
    },
    {
      "mode": "managed",
      "type": "aws_key_pair",
      "name": "production_key2",
      "provider": "provider[\"registry.terraform.io/hashicorp/aws\"]",
      "instances": [
        {
          "schema_version": 1,
          "attributes": {
            "arn": "arn:aws:ec2:us-east-1:062812664163:key-pair/Webserver2",
            "fingerprint": "01:fa:a8:b1:0b:75:c3:c3:63:72:5e:4c:16:e0:3c:dc",
            "id": "Webserver2",
            "key_name": "Webserver2",
            "key_name_prefix": null,
            "key_pair_id": "key-0eed0a6e718bbfb08",
            "public_key": "ssh-rsa AAAAB3NzaC1yc2EAAAADAQABAAABAQC7ZzMAsEMAtiSlmkRfuQYVuebsb7YOp2inGxH3SCRtSt+RjeTcsMfUO2ndWs68RTHemECDJjfxrk3PVNr+bHLlwaqdYlVKGLszCqoVGrAlV0zsPa48nchuYVxptJmewHrOeJWSR6IjaSyqPT16AGq8DXBEb+kV/tUrdDQohN5SDynLOjBb3mwoKEoYIuIaWaK+W8PDiN8X/nn9gr1vvTs6aqsCMkglSg/qV+BRUC1fec/RsW/qVqtRpdwxfV2yxvMAuAEknO7pgkcAeIc7Lth5jXYxuyYBkdOoXe7CJMVvoZ66SxIXGUYrpnKXAe8N1EwUebDxIl+UTQjf8O7STY05 ec2-user@boltzwebserver",
            "tags": null
          },
          "sensitive_attributes": [],
          "private": "eyJzY2hlbWFfdmVyc2lvbiI6IjEifQ=="
        }
      ]
    },
    {
      "mode": "managed",
      "type": "aws_kms_alias",
      "name": "s3_bucket_kms_key1_alias",
      "provider": "provider[\"registry.terraform.io/hashicorp/aws\"]",
      "instances": [
        {
          "schema_version": 0,
          "attributes": {
            "arn": "arn:aws:kms:us-east-1:062812664163:alias/Codepipeline-key1",
            "id": "alias/Codepipeline-key1",
            "name": "alias/Codepipeline-key1",
            "name_prefix": null,
            "target_key_arn": "arn:aws:kms:us-east-1:062812664163:key/e489e514-3774-4635-843c-c5782e79dd38",
            "target_key_id": "e489e514-3774-4635-843c-c5782e79dd38"
          },
          "sensitive_attributes": [],
          "private": "bnVsbA==",
          "dependencies": [
            "aws_kms_key.s3_bucket_kms_key1"
          ]
        }
      ]
    },
    {
      "mode": "managed",
      "type": "aws_kms_key",
      "name": "s3_bucket_kms_key1",
      "provider": "provider[\"registry.terraform.io/hashicorp/aws\"]",
      "instances": [
        {
          "schema_version": 0,
          "attributes": {
            "arn": "arn:aws:kms:us-east-1:062812664163:key/e489e514-3774-4635-843c-c5782e79dd38",
            "customer_master_key_spec": "SYMMETRIC_DEFAULT",
            "deletion_window_in_days": 7,
            "description": "KMS key1 for Codepipeline",
            "enable_key_rotation": false,
            "id": "e489e514-3774-4635-843c-c5782e79dd38",
            "is_enabled": true,
            "key_id": "e489e514-3774-4635-843c-c5782e79dd38",
            "key_usage": "ENCRYPT_DECRYPT",
            "policy": "{\"Id\":\"key-default-1\",\"Statement\":[{\"Action\":\"kms:*\",\"Effect\":\"Allow\",\"Principal\":{\"AWS\":\"arn:aws:iam::062812664163:root\"},\"Resource\":\"*\",\"Sid\":\"Enable IAM User Permissions\"}],\"Version\":\"2012-10-17\"}",
            "tags": null
          },
          "sensitive_attributes": [],
          "private": "bnVsbA=="
        }
      ]
    },
    {
      "mode": "managed",
      "type": "aws_lb",
      "name": "application_loadbalancer_1",
      "provider": "provider[\"registry.terraform.io/hashicorp/aws\"]",
      "instances": [
        {
          "schema_version": 0,
          "attributes": {
            "access_logs": [
              {
                "bucket": "",
                "enabled": false,
                "prefix": ""
              }
            ],
            "arn": "arn:aws:elasticloadbalancing:us-east-1:062812664163:loadbalancer/app/Application-LoadBalancer-1/5f6212510a61ff0e",
            "arn_suffix": "app/Application-LoadBalancer-1/5f6212510a61ff0e",
            "customer_owned_ipv4_pool": "",
            "dns_name": "Application-LoadBalancer-1-93908323.us-east-1.elb.amazonaws.com",
            "drop_invalid_header_fields": false,
            "enable_cross_zone_load_balancing": null,
            "enable_deletion_protection": false,
            "enable_http2": true,
            "id": "arn:aws:elasticloadbalancing:us-east-1:062812664163:loadbalancer/app/Application-LoadBalancer-1/5f6212510a61ff0e",
            "idle_timeout": 60,
            "internal": false,
            "ip_address_type": "ipv4",
            "load_balancer_type": "application",
            "name": "Application-LoadBalancer-1",
            "name_prefix": null,
            "security_groups": [
              "sg-0848dba4f354210ec"
            ],
            "subnet_mapping": [
              {
                "allocation_id": "",
                "outpost_id": "",
                "private_ipv4_address": "",
                "subnet_id": "subnet-02747d32cb38a6b91"
              },
              {
                "allocation_id": "",
                "outpost_id": "",
                "private_ipv4_address": "",
                "subnet_id": "subnet-0fd48c89fdcb2591e"
              }
            ],
            "subnets": [
              "subnet-02747d32cb38a6b91",
              "subnet-0fd48c89fdcb2591e"
            ],
            "tags": {
              "Environment": "production"
            },
            "timeouts": null,
            "vpc_id": "vpc-080cab294e28df3df",
            "zone_id": "Z35SXDOTRQ7X7K"
          },
          "sensitive_attributes": [],
          "private": "eyJlMmJmYjczMC1lY2FhLTExZTYtOGY4OC0zNDM2M2JjN2M0YzAiOnsiY3JlYXRlIjo2MDAwMDAwMDAwMDAsImRlbGV0ZSI6NjAwMDAwMDAwMDAwLCJ1cGRhdGUiOjYwMDAwMDAwMDAwMH19",
          "dependencies": [
            "aws_default_security_group.default_security_group_VPC1",
            "aws_subnet.subnet1_VPC1",
            "aws_subnet.subnet4_VPC1",
            "aws_vpc.VPC1"
          ]
        }
      ]
    },
    {
      "mode": "managed",
      "type": "aws_lb",
      "name": "network_loadbalancer_private",
      "provider": "provider[\"registry.terraform.io/hashicorp/aws\"]",
      "instances": [
        {
          "schema_version": 0,
          "attributes": {
            "access_logs": [
              {
                "bucket": "",
                "enabled": false,
                "prefix": ""
              }
            ],
            "arn": "arn:aws:elasticloadbalancing:us-east-1:062812664163:loadbalancer/net/network-loadbalancer-2/107af7e515d4a1f5",
            "arn_suffix": "net/network-loadbalancer-2/107af7e515d4a1f5",
            "customer_owned_ipv4_pool": "",
            "dns_name": "network-loadbalancer-2-107af7e515d4a1f5.elb.us-east-1.amazonaws.com",
            "drop_invalid_header_fields": null,
            "enable_cross_zone_load_balancing": true,
            "enable_deletion_protection": false,
            "enable_http2": null,
            "id": "arn:aws:elasticloadbalancing:us-east-1:062812664163:loadbalancer/net/network-loadbalancer-2/107af7e515d4a1f5",
            "idle_timeout": null,
            "internal": true,
            "ip_address_type": "ipv4",
            "load_balancer_type": "network",
            "name": "network-loadbalancer-2",
            "name_prefix": null,
            "security_groups": [],
            "subnet_mapping": [
              {
                "allocation_id": "",
                "outpost_id": "",
                "private_ipv4_address": "",
                "subnet_id": "subnet-0cd8fafe82d76e2b6"
              },
              {
                "allocation_id": "",
                "outpost_id": "",
                "private_ipv4_address": "",
                "subnet_id": "subnet-0f344c25f159f21aa"
              }
            ],
            "subnets": [
              "subnet-0cd8fafe82d76e2b6",
              "subnet-0f344c25f159f21aa"
            ],
            "tags": {
              "Environment": "production"
            },
            "timeouts": null,
            "vpc_id": "vpc-080cab294e28df3df",
            "zone_id": "Z26RNL4JYFTOTI"
          },
          "sensitive_attributes": [],
          "private": "eyJlMmJmYjczMC1lY2FhLTExZTYtOGY4OC0zNDM2M2JjN2M0YzAiOnsiY3JlYXRlIjo2MDAwMDAwMDAwMDAsImRlbGV0ZSI6NjAwMDAwMDAwMDAwLCJ1cGRhdGUiOjYwMDAwMDAwMDAwMH19",
          "dependencies": [
            "aws_subnet.subnet3_VPC1",
            "aws_subnet.subnet6_VPC1",
            "aws_vpc.VPC1"
          ]
        }
      ]
    },
    {
      "mode": "managed",
      "type": "aws_lb_listener",
      "name": "application_loadbalancer_listener_codedeploy_443",
      "provider": "provider[\"registry.terraform.io/hashicorp/aws\"]",
      "instances": []
    },
    {
      "mode": "managed",
      "type": "aws_lb_listener",
      "name": "application_loadbalancer_listener_codedeploy_80",
      "provider": "provider[\"registry.terraform.io/hashicorp/aws\"]",
      "instances": [
        {
          "schema_version": 0,
          "attributes": {
            "arn": "arn:aws:elasticloadbalancing:us-east-1:062812664163:listener/app/Application-LoadBalancer-1/5f6212510a61ff0e/99d7b9bcf9022d90",
            "certificate_arn": null,
            "default_action": [
              {
                "authenticate_cognito": [],
                "authenticate_oidc": [],
                "fixed_response": [],
                "forward": [],
                "order": 1,
                "redirect": [
                  {
                    "host": "#{host}",
                    "path": "/#{path}",
                    "port": "443",
                    "protocol": "HTTPS",
                    "query": "#{query}",
                    "status_code": "HTTP_301"
                  }
                ],
                "target_group_arn": "",
                "type": "redirect"
              }
            ],
            "id": "arn:aws:elasticloadbalancing:us-east-1:062812664163:listener/app/Application-LoadBalancer-1/5f6212510a61ff0e/99d7b9bcf9022d90",
            "load_balancer_arn": "arn:aws:elasticloadbalancing:us-east-1:062812664163:loadbalancer/app/Application-LoadBalancer-1/5f6212510a61ff0e",
            "port": 80,
            "protocol": "HTTP",
            "ssl_policy": "",
            "timeouts": null
          },
          "sensitive_attributes": [],
          "private": "eyJlMmJmYjczMC1lY2FhLTExZTYtOGY4OC0zNDM2M2JjN2M0YzAiOnsicmVhZCI6NjAwMDAwMDAwMDAwfX0=",
          "dependencies": [
            "aws_default_security_group.default_security_group_VPC1",
            "aws_lb.application_loadbalancer_1",
            "aws_subnet.subnet1_VPC1",
            "aws_subnet.subnet4_VPC1",
            "aws_vpc.VPC1"
          ]
        }
      ]
    },
    {
      "mode": "managed",
      "type": "aws_lb_listener",
      "name": "application_loadbalancer_listener_codedeploy_8443",
      "provider": "provider[\"registry.terraform.io/hashicorp/aws\"]",
      "instances": []
    },
    {
      "mode": "managed",
      "type": "aws_lb_listener",
      "name": "network_loadbalancer_1_listener",
      "provider": "provider[\"registry.terraform.io/hashicorp/aws\"]",
      "instances": [
        {
          "schema_version": 0,
          "attributes": {
            "arn": "arn:aws:elasticloadbalancing:us-east-1:062812664163:listener/net/network-loadbalancer-2/107af7e515d4a1f5/16e199ed76afb073",
            "certificate_arn": null,
            "default_action": [
              {
                "authenticate_cognito": [],
                "authenticate_oidc": [],
                "fixed_response": [],
                "forward": [],
                "order": 1,
                "redirect": [],
                "target_group_arn": "arn:aws:elasticloadbalancing:us-east-1:062812664163:targetgroup/target-group-2-mySQL/b9c47df5177f0afd",
                "type": "forward"
              }
            ],
            "id": "arn:aws:elasticloadbalancing:us-east-1:062812664163:listener/net/network-loadbalancer-2/107af7e515d4a1f5/16e199ed76afb073",
            "load_balancer_arn": "arn:aws:elasticloadbalancing:us-east-1:062812664163:loadbalancer/net/network-loadbalancer-2/107af7e515d4a1f5",
            "port": 80,
            "protocol": "TCP",
            "ssl_policy": "",
            "timeouts": null
          },
          "sensitive_attributes": [],
          "private": "eyJlMmJmYjczMC1lY2FhLTExZTYtOGY4OC0zNDM2M2JjN2M0YzAiOnsicmVhZCI6NjAwMDAwMDAwMDAwfX0=",
          "dependencies": [
            "aws_lb.network_loadbalancer_private",
            "aws_lb_target_group.target_group_2_mySQL",
            "aws_subnet.subnet3_VPC1",
            "aws_subnet.subnet6_VPC1",
            "aws_vpc.VPC1"
          ]
        }
      ]
    },
    {
      "mode": "managed",
      "type": "aws_lb_listener_rule",
      "name": "codedeploy_443_traffic",
      "provider": "provider[\"registry.terraform.io/hashicorp/aws\"]",
      "instances": []
    },
    {
      "mode": "managed",
      "type": "aws_lb_listener_rule",
      "name": "codedeploy_8443_traffic",
      "provider": "provider[\"registry.terraform.io/hashicorp/aws\"]",
      "instances": []
    },
    {
      "mode": "managed",
      "type": "aws_lb_target_group",
      "name": "target_group_1_HTTP",
      "provider": "provider[\"registry.terraform.io/hashicorp/aws\"]",
      "instances": [
        {
          "schema_version": 0,
          "attributes": {
            "arn": "arn:aws:elasticloadbalancing:us-east-1:062812664163:targetgroup/target-group-1/e5eafd2273eba489",
            "arn_suffix": "targetgroup/target-group-1/e5eafd2273eba489",
            "deregistration_delay": 5,
            "health_check": [
              {
                "enabled": true,
                "healthy_threshold": 2,
                "interval": 10,
                "matcher": "200",
                "path": "/",
                "port": "80",
                "protocol": "HTTP",
                "timeout": 9,
                "unhealthy_threshold": 2
              }
            ],
            "id": "arn:aws:elasticloadbalancing:us-east-1:062812664163:targetgroup/target-group-1/e5eafd2273eba489",
            "lambda_multi_value_headers_enabled": false,
            "load_balancing_algorithm_type": "round_robin",
            "name": "target-group-1",
            "name_prefix": null,
            "port": 80,
            "protocol": "HTTP",
            "proxy_protocol_v2": false,
            "slow_start": 0,
            "stickiness": [
              {
                "cookie_duration": 86400,
                "enabled": false,
                "type": "lb_cookie"
              }
            ],
            "tags": null,
            "target_type": "instance",
            "vpc_id": "vpc-080cab294e28df3df"
          },
          "sensitive_attributes": [],
          "private": "bnVsbA==",
          "dependencies": [
            "aws_vpc.VPC1"
          ]
        }
      ]
    },
    {
      "mode": "managed",
      "type": "aws_lb_target_group",
      "name": "target_group_2_mySQL",
      "provider": "provider[\"registry.terraform.io/hashicorp/aws\"]",
      "instances": [
        {
          "schema_version": 0,
          "attributes": {
            "arn": "arn:aws:elasticloadbalancing:us-east-1:062812664163:targetgroup/target-group-2-mySQL/b9c47df5177f0afd",
            "arn_suffix": "targetgroup/target-group-2-mySQL/b9c47df5177f0afd",
            "deregistration_delay": 300,
            "health_check": [
              {
                "enabled": true,
                "healthy_threshold": 3,
                "interval": 30,
                "matcher": "",
                "path": "",
                "port": "traffic-port",
                "protocol": "TCP",
                "timeout": 10,
                "unhealthy_threshold": 3
              }
            ],
            "id": "arn:aws:elasticloadbalancing:us-east-1:062812664163:targetgroup/target-group-2-mySQL/b9c47df5177f0afd",
            "lambda_multi_value_headers_enabled": false,
            "load_balancing_algorithm_type": null,
            "name": "target-group-2-mySQL",
            "name_prefix": null,
            "port": 80,
            "protocol": "TCP",
            "proxy_protocol_v2": false,
            "slow_start": 0,
            "stickiness": [
              {
                "cookie_duration": 0,
                "enabled": false,
                "type": "source_ip"
              }
            ],
            "tags": null,
            "target_type": "instance",
            "vpc_id": "vpc-080cab294e28df3df"
          },
          "sensitive_attributes": [],
          "private": "bnVsbA==",
          "dependencies": [
            "aws_vpc.VPC1"
          ]
        }
      ]
    },
    {
      "mode": "managed",
      "type": "aws_lb_target_group_attachment",
      "name": "targetgroup1_attachment_1",
      "provider": "provider[\"registry.terraform.io/hashicorp/aws\"]",
      "instances": [
        {
          "schema_version": 0,
          "attributes": {
            "availability_zone": null,
            "id": "arn:aws:elasticloadbalancing:us-east-1:062812664163:targetgroup/target-group-1/e5eafd2273eba489-20210220043831766500000006",
            "port": 80,
            "target_group_arn": "arn:aws:elasticloadbalancing:us-east-1:062812664163:targetgroup/target-group-1/e5eafd2273eba489",
            "target_id": "i-076e484fb4c75444c"
          },
          "sensitive_attributes": [],
          "private": "bnVsbA==",
          "dependencies": [
            "aws_default_security_group.default_security_group_VPC1",
            "aws_iam_instance_profile.ec2_instance_profile",
            "aws_iam_role.ec2IAMRole",
            "aws_instance.webserver_1_PRODUCTION",
            "aws_key_pair.production_key1",
            "aws_lb_target_group.target_group_1_HTTP",
            "aws_network_interface.webserver_1_interface",
            "aws_subnet.subnet2_VPC1",
            "aws_vpc.VPC1",
            "data.aws_ami.getAMI"
          ]
        }
      ]
    },
    {
      "mode": "managed",
      "type": "aws_lb_target_group_attachment",
      "name": "targetgroup1_attachment_2",
      "provider": "provider[\"registry.terraform.io/hashicorp/aws\"]",
      "instances": [
        {
          "schema_version": 0,
          "attributes": {
            "availability_zone": null,
            "id": "arn:aws:elasticloadbalancing:us-east-1:062812664163:targetgroup/target-group-1/e5eafd2273eba489-20210220043833846500000007",
            "port": 80,
            "target_group_arn": "arn:aws:elasticloadbalancing:us-east-1:062812664163:targetgroup/target-group-1/e5eafd2273eba489",
            "target_id": "i-0071fd65570c72edb"
          },
          "sensitive_attributes": [],
          "private": "bnVsbA==",
          "dependencies": [
            "aws_default_security_group.default_security_group_VPC1",
            "aws_iam_instance_profile.ec2_instance_profile",
            "aws_iam_role.ec2IAMRole",
            "aws_instance.webserver_2_PRODUCTION",
            "aws_key_pair.production_key2",
            "aws_lb_target_group.target_group_1_HTTP",
            "aws_network_interface.webserver_2_interface",
            "aws_subnet.subnet5_VPC1",
            "aws_vpc.VPC1",
            "data.aws_ami.getAMI"
          ]
        }
      ]
    },
    {
      "mode": "managed",
      "type": "aws_network_acl",
      "name": "dummy_default_acl_VPC1",
      "provider": "provider[\"registry.terraform.io/hashicorp/aws\"]",
      "instances": [
        {
          "schema_version": 0,
          "attributes": {
            "arn": "arn:aws:ec2:us-east-1:062812664163:network-acl/acl-04964fff73ade3efd",
            "egress": [],
            "id": "acl-04964fff73ade3efd",
            "ingress": [],
            "owner_id": "062812664163",
            "subnet_ids": [],
            "tags": {
              "Name": "Default ACL"
            },
            "vpc_id": "vpc-080cab294e28df3df"
          },
          "sensitive_attributes": [],
          "private": "bnVsbA==",
          "dependencies": [
            "aws_vpc.VPC1"
          ]
        }
      ]
    },
    {
      "mode": "managed",
      "type": "aws_network_acl",
      "name": "private_subnet_1_acl",
      "provider": "provider[\"registry.terraform.io/hashicorp/aws\"]",
      "instances": [
        {
          "schema_version": 0,
          "attributes": {
            "arn": "arn:aws:ec2:us-east-1:062812664163:network-acl/acl-06de74ce813fd1583",
            "egress": [
              {
                "action": "allow",
                "cidr_block": "0.0.0.0/0",
                "from_port": 443,
                "icmp_code": null,
                "icmp_type": null,
                "ipv6_cidr_block": "",
                "protocol": "tcp",
                "rule_no": 10,
                "to_port": 443
              },
              {
                "action": "allow",
                "cidr_block": "192.168.0.2/32",
                "from_port": 53,
                "icmp_code": null,
                "icmp_type": null,
                "ipv6_cidr_block": "",
                "protocol": "tcp",
                "rule_no": 1,
                "to_port": 53
              },
              {
                "action": "allow",
                "cidr_block": "192.168.1.0/24",
                "from_port": 1024,
                "icmp_code": null,
                "icmp_type": null,
                "ipv6_cidr_block": "",
                "protocol": "tcp",
                "rule_no": 50,
                "to_port": 65535
              },
              {
                "action": "allow",
                "cidr_block": "192.168.1.0/24",
                "from_port": 1024,
                "icmp_code": null,
                "icmp_type": null,
                "ipv6_cidr_block": "",
                "protocol": "udp",
                "rule_no": 60,
                "to_port": 65535
              },
              {
                "action": "allow",
                "cidr_block": "192.168.1.0/24",
                "from_port": 80,
                "icmp_code": null,
                "icmp_type": null,
                "ipv6_cidr_block": "",
                "protocol": "tcp",
                "rule_no": 30,
                "to_port": 80
              },
              {
                "action": "allow",
                "cidr_block": "192.168.4.0/24",
                "from_port": 1024,
                "icmp_code": null,
                "icmp_type": null,
                "ipv6_cidr_block": "",
                "protocol": "tcp",
                "rule_no": 51,
                "to_port": 65535
              },
              {
                "action": "allow",
                "cidr_block": "192.168.4.0/24",
                "from_port": 1024,
                "icmp_code": null,
                "icmp_type": null,
                "ipv6_cidr_block": "",
                "protocol": "udp",
                "rule_no": 61,
                "to_port": 65535
              },
              {
                "action": "allow",
                "cidr_block": "192.168.4.0/24",
                "from_port": 80,
                "icmp_code": null,
                "icmp_type": null,
                "ipv6_cidr_block": "",
                "protocol": "tcp",
                "rule_no": 31,
                "to_port": 80
              },
              {
                "action": "allow",
                "cidr_block": "3.223.132.252/32",
                "from_port": 22,
                "icmp_code": null,
                "icmp_type": null,
                "ipv6_cidr_block": "",
                "protocol": "tcp",
                "rule_no": 299,
                "to_port": 22
              }
            ],
            "id": "acl-06de74ce813fd1583",
            "ingress": [
              {
                "action": "allow",
                "cidr_block": "192.168.0.2/32",
                "from_port": 53,
                "icmp_code": null,
                "icmp_type": null,
                "ipv6_cidr_block": "",
                "protocol": "udp",
                "rule_no": 1,
                "to_port": 53
              },
              {
                "action": "allow",
                "cidr_block": "192.168.1.0/24",
                "from_port": 1024,
                "icmp_code": null,
                "icmp_type": null,
                "ipv6_cidr_block": "",
                "protocol": "tcp",
                "rule_no": 50,
                "to_port": 65535
              },
              {
                "action": "allow",
                "cidr_block": "192.168.1.0/24",
                "from_port": 1024,
                "icmp_code": null,
                "icmp_type": null,
                "ipv6_cidr_block": "",
                "protocol": "udp",
                "rule_no": 60,
                "to_port": 65535
              },
              {
                "action": "allow",
                "cidr_block": "192.168.1.0/24",
                "from_port": 443,
                "icmp_code": null,
                "icmp_type": null,
                "ipv6_cidr_block": "",
                "protocol": "tcp",
                "rule_no": 10,
                "to_port": 443
              },
              {
                "action": "allow",
                "cidr_block": "192.168.1.0/24",
                "from_port": 80,
                "icmp_code": null,
                "icmp_type": null,
                "ipv6_cidr_block": "",
                "protocol": "tcp",
                "rule_no": 30,
                "to_port": 80
              },
              {
                "action": "allow",
                "cidr_block": "192.168.4.0/24",
                "from_port": 1024,
                "icmp_code": null,
                "icmp_type": null,
                "ipv6_cidr_block": "",
                "protocol": "tcp",
                "rule_no": 51,
                "to_port": 65535
              },
              {
                "action": "allow",
                "cidr_block": "192.168.4.0/24",
                "from_port": 1024,
                "icmp_code": null,
                "icmp_type": null,
                "ipv6_cidr_block": "",
                "protocol": "udp",
                "rule_no": 61,
                "to_port": 65535
              },
              {
                "action": "allow",
                "cidr_block": "192.168.4.0/24",
                "from_port": 443,
                "icmp_code": null,
                "icmp_type": null,
                "ipv6_cidr_block": "",
                "protocol": "tcp",
                "rule_no": 11,
                "to_port": 443
              },
              {
                "action": "allow",
                "cidr_block": "192.168.4.0/24",
                "from_port": 80,
                "icmp_code": null,
                "icmp_type": null,
                "ipv6_cidr_block": "",
                "protocol": "tcp",
                "rule_no": 31,
                "to_port": 80
              },
              {
                "action": "allow",
                "cidr_block": "3.223.132.252/32",
                "from_port": 22,
                "icmp_code": null,
                "icmp_type": null,
                "ipv6_cidr_block": "",
                "protocol": "tcp",
                "rule_no": 299,
                "to_port": 22
              }
            ],
            "owner_id": "062812664163",
            "subnet_ids": [
              "subnet-0eedb25b5c2a93638",
              "subnet-0ff0e6befbbfd36f0"
            ],
            "tags": {
              "Name": "Webservers Private Subnet ACL"
            },
            "vpc_id": "vpc-080cab294e28df3df"
          },
          "sensitive_attributes": [],
          "private": "bnVsbA==",
          "dependencies": [
            "aws_subnet.subnet1_VPC1",
            "aws_subnet.subnet2_VPC1",
            "aws_subnet.subnet4_VPC1",
            "aws_subnet.subnet5_VPC1",
            "aws_vpc.VPC1"
          ]
        }
      ]
    },
    {
      "mode": "managed",
      "type": "aws_network_acl",
      "name": "private_subnet_2_acl",
      "provider": "provider[\"registry.terraform.io/hashicorp/aws\"]",
      "instances": [
        {
          "schema_version": 0,
          "attributes": {
            "arn": "arn:aws:ec2:us-east-1:062812664163:network-acl/acl-07f9737d3e9f70d2f",
            "egress": [
              {
                "action": "allow",
                "cidr_block": "0.0.0.0/0",
                "from_port": 0,
                "icmp_code": null,
                "icmp_type": null,
                "ipv6_cidr_block": "",
                "protocol": "-1",
                "rule_no": 1,
                "to_port": 0
              }
            ],
            "id": "acl-07f9737d3e9f70d2f",
            "ingress": [
              {
                "action": "allow",
                "cidr_block": "0.0.0.0/0",
                "from_port": 0,
                "icmp_code": null,
                "icmp_type": null,
                "ipv6_cidr_block": "",
                "protocol": "-1",
                "rule_no": 1,
                "to_port": 0
              }
            ],
            "owner_id": "062812664163",
            "subnet_ids": [
              "subnet-0cd8fafe82d76e2b6",
              "subnet-0f344c25f159f21aa"
            ],
            "tags": {
              "Name": "Private"
            },
            "vpc_id": "vpc-080cab294e28df3df"
          },
          "sensitive_attributes": [],
          "private": "bnVsbA==",
          "dependencies": [
            "aws_subnet.subnet3_VPC1",
            "aws_subnet.subnet6_VPC1",
            "aws_vpc.VPC1"
          ]
        }
      ]
    },
    {
      "mode": "managed",
      "type": "aws_network_acl",
      "name": "public",
      "provider": "provider[\"registry.terraform.io/hashicorp/aws\"]",
      "instances": [
        {
          "schema_version": 0,
          "attributes": {
            "arn": "arn:aws:ec2:us-east-1:062812664163:network-acl/acl-050e74cb7f018bcc1",
            "egress": [
              {
                "action": "allow",
                "cidr_block": "0.0.0.0/0",
                "from_port": 1024,
                "icmp_code": null,
                "icmp_type": null,
                "ipv6_cidr_block": "",
                "protocol": "tcp",
                "rule_no": 50,
                "to_port": 65535
              },
              {
                "action": "allow",
                "cidr_block": "0.0.0.0/0",
                "from_port": 1024,
                "icmp_code": null,
                "icmp_type": null,
                "ipv6_cidr_block": "",
                "protocol": "udp",
                "rule_no": 60,
                "to_port": 65535
              },
              {
                "action": "allow",
                "cidr_block": "0.0.0.0/0",
                "from_port": 443,
                "icmp_code": null,
                "icmp_type": null,
                "ipv6_cidr_block": "",
                "protocol": "tcp",
                "rule_no": 10,
                "to_port": 443
              },
              {
                "action": "allow",
                "cidr_block": "0.0.0.0/0",
                "from_port": 80,
                "icmp_code": null,
                "icmp_type": null,
                "ipv6_cidr_block": "",
                "protocol": "tcp",
                "rule_no": 30,
                "to_port": 80
              },
              {
                "action": "allow",
                "cidr_block": "192.168.0.2/32",
                "from_port": 53,
                "icmp_code": null,
                "icmp_type": null,
                "ipv6_cidr_block": "",
                "protocol": "udp",
                "rule_no": 1,
                "to_port": 53
              },
              {
                "action": "allow",
                "cidr_block": "192.168.2.0/24",
                "from_port": 22,
                "icmp_code": null,
                "icmp_type": null,
                "ipv6_cidr_block": "",
                "protocol": "tcp",
                "rule_no": 299,
                "to_port": 22
              },
              {
                "action": "allow",
                "cidr_block": "192.168.5.0/24",
                "from_port": 22,
                "icmp_code": null,
                "icmp_type": null,
                "ipv6_cidr_block": "",
                "protocol": "tcp",
                "rule_no": 298,
                "to_port": 22
              },
              {
                "action": "allow",
                "cidr_block": "3.223.132.252/32",
                "from_port": 22,
                "icmp_code": null,
                "icmp_type": null,
                "ipv6_cidr_block": "",
                "protocol": "tcp",
                "rule_no": 300,
                "to_port": 22
              }
            ],
            "id": "acl-050e74cb7f018bcc1",
            "ingress": [
              {
                "action": "allow",
                "cidr_block": "0.0.0.0/0",
                "from_port": 1024,
                "icmp_code": null,
                "icmp_type": null,
                "ipv6_cidr_block": "",
                "protocol": "tcp",
                "rule_no": 50,
                "to_port": 65535
              },
              {
                "action": "allow",
                "cidr_block": "0.0.0.0/0",
                "from_port": 1024,
                "icmp_code": null,
                "icmp_type": null,
                "ipv6_cidr_block": "",
                "protocol": "udp",
                "rule_no": 60,
                "to_port": 65535
              },
              {
                "action": "allow",
                "cidr_block": "0.0.0.0/0",
                "from_port": 443,
                "icmp_code": null,
                "icmp_type": null,
                "ipv6_cidr_block": "",
                "protocol": "tcp",
                "rule_no": 10,
                "to_port": 443
              },
              {
                "action": "allow",
                "cidr_block": "0.0.0.0/0",
                "from_port": 80,
                "icmp_code": null,
                "icmp_type": null,
                "ipv6_cidr_block": "",
                "protocol": "tcp",
                "rule_no": 30,
                "to_port": 80
              },
              {
                "action": "allow",
                "cidr_block": "192.168.0.2/32",
                "from_port": 53,
                "icmp_code": null,
                "icmp_type": null,
                "ipv6_cidr_block": "",
                "protocol": "udp",
                "rule_no": 1,
                "to_port": 53
              },
              {
                "action": "allow",
                "cidr_block": "3.223.132.252/32",
                "from_port": 22,
                "icmp_code": null,
                "icmp_type": null,
                "ipv6_cidr_block": "",
                "protocol": "tcp",
                "rule_no": 199,
                "to_port": 22
              }
            ],
            "owner_id": "062812664163",
            "subnet_ids": [
              "subnet-02747d32cb38a6b91",
              "subnet-0fd48c89fdcb2591e"
            ],
            "tags": {
              "Name": "AppLB/NATinstance Public Subnet ACL"
            },
            "vpc_id": "vpc-080cab294e28df3df"
          },
          "sensitive_attributes": [],
          "private": "bnVsbA==",
          "dependencies": [
            "aws_subnet.subnet1_VPC1",
            "aws_subnet.subnet2_VPC1",
            "aws_subnet.subnet4_VPC1",
            "aws_subnet.subnet5_VPC1",
            "aws_vpc.VPC1"
          ]
        }
      ]
    },
    {
      "mode": "managed",
      "type": "aws_network_interface",
      "name": "webserver_1_interface",
      "provider": "provider[\"registry.terraform.io/hashicorp/aws\"]",
      "instances": [
        {
          "schema_version": 0,
          "attributes": {
            "attachment": [],
            "description": "Interface for webserver 1",
            "id": "eni-00d9e0c144c006090",
            "ipv6_address_count": 0,
            "ipv6_addresses": [],
            "mac_address": "12:04:24:84:f7:43",
            "outpost_arn": "",
            "private_dns_name": "ip-192-168-2-8.ec2.internal",
            "private_ip": "192.168.2.8",
            "private_ips": [
              "192.168.2.8"
            ],
            "private_ips_count": 0,
            "security_groups": [
              "sg-0848dba4f354210ec"
            ],
            "source_dest_check": true,
            "subnet_id": "subnet-0eedb25b5c2a93638",
            "tags": null
          },
          "sensitive_attributes": [],
          "private": "bnVsbA==",
          "dependencies": [
            "aws_default_security_group.default_security_group_VPC1",
            "aws_subnet.subnet2_VPC1",
            "aws_vpc.VPC1"
          ]
        }
      ]
    },
    {
      "mode": "managed",
      "type": "aws_network_interface",
      "name": "webserver_2_interface",
      "provider": "provider[\"registry.terraform.io/hashicorp/aws\"]",
      "instances": [
        {
          "schema_version": 0,
          "attributes": {
            "attachment": [],
            "description": "Interface for webserver 2",
            "id": "eni-07e0ac767f472210b",
            "ipv6_address_count": 0,
            "ipv6_addresses": [],
            "mac_address": "0a:db:c4:0e:ec:7d",
            "outpost_arn": "",
            "private_dns_name": "ip-192-168-5-8.ec2.internal",
            "private_ip": "192.168.5.8",
            "private_ips": [
              "192.168.5.8"
            ],
            "private_ips_count": 0,
            "security_groups": [
              "sg-0848dba4f354210ec"
            ],
            "source_dest_check": true,
            "subnet_id": "subnet-0ff0e6befbbfd36f0",
            "tags": null
          },
          "sensitive_attributes": [],
          "private": "bnVsbA==",
          "dependencies": [
            "aws_default_security_group.default_security_group_VPC1",
            "aws_subnet.subnet5_VPC1",
            "aws_vpc.VPC1"
          ]
        }
      ]
    },
    {
      "mode": "managed",
      "type": "aws_route53_health_check",
      "name": "alias_record_codedeploy_endpoint_1_health_check",
      "provider": "provider[\"registry.terraform.io/hashicorp/aws\"]",
      "instances": []
    },
    {
      "mode": "managed",
      "type": "aws_route53_health_check",
      "name": "alias_record_codedeploy_endpoint_2_health_check",
      "provider": "provider[\"registry.terraform.io/hashicorp/aws\"]",
      "instances": []
    },
    {
      "mode": "managed",
      "type": "aws_route53_health_check",
      "name": "root_alias_record_web_servers_health_check",
      "provider": "provider[\"registry.terraform.io/hashicorp/aws\"]",
      "instances": []
    },
    {
      "mode": "managed",
      "type": "aws_route53_health_check",
      "name": "www_alias_record_nat_servers_useast1a_health_check",
      "provider": "provider[\"registry.terraform.io/hashicorp/aws\"]",
      "instances": []
    },
    {
      "mode": "managed",
      "type": "aws_route53_health_check",
      "name": "www_alias_record_nat_servers_useast1b_health_check",
      "provider": "provider[\"registry.terraform.io/hashicorp/aws\"]",
      "instances": []
    },
    {
      "mode": "managed",
      "type": "aws_route53_record",
      "name": "a_record_codedeploy_endpoint",
      "provider": "provider[\"registry.terraform.io/hashicorp/aws\"]",
      "instances": []
    },
    {
      "mode": "managed",
      "type": "aws_route53_record",
      "name": "a_record_codedeploy_endpoint_commands_secure",
      "provider": "provider[\"registry.terraform.io/hashicorp/aws\"]",
      "instances": []
    },
    {
      "mode": "managed",
      "type": "aws_route53_record",
      "name": "alias_record_applb_1",
      "provider": "provider[\"registry.terraform.io/hashicorp/aws\"]",
      "instances": [
        {
          "schema_version": 2,
          "attributes": {
            "alias": [
              {
                "evaluate_target_health": true,
                "name": "application-loadbalancer-1-93908323.us-east-1.elb.amazonaws.com",
                "zone_id": "Z35SXDOTRQ7X7K"
              }
            ],
            "allow_overwrite": null,
            "failover_routing_policy": [],
            "fqdn": "www.nutsandbolts-online.us.to",
            "geolocation_routing_policy": [],
            "health_check_id": null,
            "id": "Z02380011JJJVELBFZQG3_www.nutsandbolts-online.us.to_A",
            "latency_routing_policy": [],
            "multivalue_answer_routing_policy": null,
            "name": "www.nutsandbolts-online.us.to",
            "records": null,
            "set_identifier": null,
            "ttl": null,
            "type": "A",
            "weighted_routing_policy": [],
            "zone_id": "Z02380011JJJVELBFZQG3"
          },
          "sensitive_attributes": [],
          "private": "eyJzY2hlbWFfdmVyc2lvbiI6IjIifQ==",
          "dependencies": [
            "aws_default_security_group.default_security_group_VPC1",
            "aws_lb.application_loadbalancer_1",
            "aws_route53_zone.public_dns_zone",
            "aws_subnet.subnet1_VPC1",
            "aws_subnet.subnet4_VPC1",
            "aws_vpc.VPC1"
          ]
        }
      ]
    },
    {
      "mode": "managed",
      "type": "aws_route53_record",
      "name": "alias_record_applb_2",
      "provider": "provider[\"registry.terraform.io/hashicorp/aws\"]",
      "instances": [
        {
          "schema_version": 2,
          "attributes": {
            "alias": [
              {
                "evaluate_target_health": true,
                "name": "application-loadbalancer-1-93908323.us-east-1.elb.amazonaws.com",
                "zone_id": "Z35SXDOTRQ7X7K"
              }
            ],
            "allow_overwrite": null,
            "failover_routing_policy": [],
            "fqdn": "nutsandbolts-online.us.to",
            "geolocation_routing_policy": [],
            "health_check_id": null,
            "id": "Z02380011JJJVELBFZQG3_nutsandbolts-online.us.to_A",
            "latency_routing_policy": [],
            "multivalue_answer_routing_policy": null,
            "name": "nutsandbolts-online.us.to",
            "records": null,
            "set_identifier": null,
            "ttl": null,
            "type": "A",
            "weighted_routing_policy": [],
            "zone_id": "Z02380011JJJVELBFZQG3"
          },
          "sensitive_attributes": [],
          "private": "eyJzY2hlbWFfdmVyc2lvbiI6IjIifQ==",
          "dependencies": [
            "aws_default_security_group.default_security_group_VPC1",
            "aws_lb.application_loadbalancer_1",
            "aws_route53_zone.public_dns_zone",
            "aws_subnet.subnet1_VPC1",
            "aws_subnet.subnet4_VPC1",
            "aws_vpc.VPC1"
          ]
        }
      ]
    },
    {
      "mode": "managed",
      "type": "aws_route53_record",
      "name": "alias_record_codedeploy_endpoint",
      "provider": "provider[\"registry.terraform.io/hashicorp/aws\"]",
      "instances": []
    },
    {
      "mode": "managed",
      "type": "aws_route53_record",
      "name": "alias_record_codedeploy_endpoint_commands_secure",
      "provider": "provider[\"registry.terraform.io/hashicorp/aws\"]",
      "instances": []
    },
    {
      "mode": "managed",
      "type": "aws_route53_zone",
      "name": "private_dns_zone",
      "provider": "provider[\"registry.terraform.io/hashicorp/aws\"]",
      "instances": [
        {
          "schema_version": 0,
          "attributes": {
            "comment": "Managed by Terraform",
            "delegation_set_id": "",
            "force_destroy": true,
            "id": "Z02083023A2DRIEG4QW6Y",
            "name": "nutsandbolts-online.us.to",
            "name_servers": [
              "ns-0.awsdns-00.com.",
              "ns-1024.awsdns-00.org.",
              "ns-1536.awsdns-00.co.uk.",
              "ns-512.awsdns-00.net."
            ],
            "tags": null,
            "vpc": [
              {
                "vpc_id": "vpc-080cab294e28df3df",
                "vpc_region": "us-east-1"
              }
            ],
            "zone_id": "Z02083023A2DRIEG4QW6Y"
          },
          "sensitive_attributes": [],
          "private": "bnVsbA==",
          "dependencies": [
            "aws_vpc.VPC1"
          ]
        }
      ]
    },
    {
      "mode": "managed",
      "type": "aws_route53_zone",
      "name": "public_dns_zone",
      "provider": "provider[\"registry.terraform.io/hashicorp/aws\"]",
      "instances": [
        {
          "schema_version": 0,
          "attributes": {
            "comment": "Managed by Terraform",
            "delegation_set_id": "",
            "force_destroy": true,
            "id": "Z02380011JJJVELBFZQG3",
            "name": "nutsandbolts-online.us.to",
            "name_servers": [
              "ns-1097.awsdns-09.org",
              "ns-1615.awsdns-09.co.uk",
              "ns-174.awsdns-21.com",
              "ns-899.awsdns-48.net"
            ],
            "tags": null,
            "vpc": [],
            "zone_id": "Z02380011JJJVELBFZQG3"
          },
          "sensitive_attributes": [],
          "private": "bnVsbA=="
        }
      ]
    },
    {
      "mode": "managed",
      "type": "aws_route_table",
      "name": "private_route_table_1_useast1a",
      "provider": "provider[\"registry.terraform.io/hashicorp/aws\"]",
      "instances": [
        {
          "schema_version": 0,
          "attributes": {
            "id": "rtb-06232d6593148b456",
            "owner_id": "062812664163",
            "propagating_vgws": [],
            "route": [
              {
                "cidr_block": "0.0.0.0/0",
                "egress_only_gateway_id": "",
                "gateway_id": "",
                "instance_id": "i-0f99c3a6f97bad459",
                "ipv6_cidr_block": "",
                "local_gateway_id": "",
                "nat_gateway_id": "",
                "network_interface_id": "",
                "transit_gateway_id": "",
                "vpc_endpoint_id": "",
                "vpc_peering_connection_id": ""
              }
            ],
            "tags": {
              "Name": "Private1-USeast1a"
            },
            "vpc_id": "vpc-080cab294e28df3df"
          },
          "sensitive_attributes": [],
          "private": "bnVsbA==",
          "dependencies": [
            "aws_default_security_group.default_security_group_VPC1",
            "aws_instance.nat_useast1a",
            "aws_key_pair.nat_key3",
            "aws_subnet.subnet1_VPC1",
            "aws_vpc.VPC1"
          ]
        }
      ]
    },
    {
      "mode": "managed",
      "type": "aws_route_table",
      "name": "private_route_table_1_useast1b",
      "provider": "provider[\"registry.terraform.io/hashicorp/aws\"]",
      "instances": [
        {
          "schema_version": 0,
          "attributes": {
            "id": "rtb-0947c07abdd0e2072",
            "owner_id": "062812664163",
            "propagating_vgws": [],
            "route": [
              {
                "cidr_block": "0.0.0.0/0",
                "egress_only_gateway_id": "",
                "gateway_id": "",
                "instance_id": "i-0095ad9096826e2f2",
                "ipv6_cidr_block": "",
                "local_gateway_id": "",
                "nat_gateway_id": "",
                "network_interface_id": "",
                "transit_gateway_id": "",
                "vpc_endpoint_id": "",
                "vpc_peering_connection_id": ""
              }
            ],
            "tags": {
              "Name": "Private1-USeast1b"
            },
            "vpc_id": "vpc-080cab294e28df3df"
          },
          "sensitive_attributes": [],
          "private": "bnVsbA==",
          "dependencies": [
            "aws_default_security_group.default_security_group_VPC1",
            "aws_instance.nat_useast1b",
            "aws_key_pair.nat_key2",
            "aws_subnet.subnet4_VPC1",
            "aws_vpc.VPC1"
          ]
        }
      ]
    },
    {
      "mode": "managed",
      "type": "aws_route_table",
      "name": "private_route_table_2_useast1a",
      "provider": "provider[\"registry.terraform.io/hashicorp/aws\"]",
      "instances": [
        {
          "schema_version": 0,
          "attributes": {
            "id": "rtb-0176c65d7a592a0f3",
            "owner_id": "062812664163",
            "propagating_vgws": [],
            "route": [],
            "tags": {
              "Name": "Private2-USeast1a"
            },
            "vpc_id": "vpc-080cab294e28df3df"
          },
          "sensitive_attributes": [],
          "private": "bnVsbA==",
          "dependencies": [
            "aws_vpc.VPC1"
          ]
        }
      ]
    },
    {
      "mode": "managed",
      "type": "aws_route_table",
      "name": "private_route_table_2_useast1b",
      "provider": "provider[\"registry.terraform.io/hashicorp/aws\"]",
      "instances": [
        {
          "schema_version": 0,
          "attributes": {
            "id": "rtb-03748b31a3f7e6e86",
            "owner_id": "062812664163",
            "propagating_vgws": [],
            "route": [],
            "tags": {
              "Name": "Private-USeast1b"
            },
            "vpc_id": "vpc-080cab294e28df3df"
          },
          "sensitive_attributes": [],
          "private": "bnVsbA==",
          "dependencies": [
            "aws_vpc.VPC1"
          ]
        }
      ]
    },
    {
      "mode": "managed",
      "type": "aws_route_table",
      "name": "public_route_table_useast1a",
      "provider": "provider[\"registry.terraform.io/hashicorp/aws\"]",
      "instances": [
        {
          "schema_version": 0,
          "attributes": {
            "id": "rtb-0e94a71e2f1210490",
            "owner_id": "062812664163",
            "propagating_vgws": [],
            "route": [
              {
                "cidr_block": "0.0.0.0/0",
                "egress_only_gateway_id": "",
                "gateway_id": "igw-0ecd062d37e6fc386",
                "instance_id": "",
                "ipv6_cidr_block": "",
                "local_gateway_id": "",
                "nat_gateway_id": "",
                "network_interface_id": "",
                "transit_gateway_id": "",
                "vpc_endpoint_id": "",
                "vpc_peering_connection_id": ""
              }
            ],
            "tags": {
              "Name": "Public-USeast1a"
            },
            "vpc_id": "vpc-080cab294e28df3df"
          },
          "sensitive_attributes": [],
          "private": "bnVsbA==",
          "dependencies": [
            "aws_internet_gateway.gw1_VPC1",
            "aws_vpc.VPC1"
          ]
        }
      ]
    },
    {
      "mode": "managed",
      "type": "aws_route_table",
      "name": "public_route_table_useast1b",
      "provider": "provider[\"registry.terraform.io/hashicorp/aws\"]",
      "instances": [
        {
          "schema_version": 0,
          "attributes": {
            "id": "rtb-05c9cb9a56abbb051",
            "owner_id": "062812664163",
            "propagating_vgws": [],
            "route": [
              {
                "cidr_block": "0.0.0.0/0",
                "egress_only_gateway_id": "",
                "gateway_id": "igw-0ecd062d37e6fc386",
                "instance_id": "",
                "ipv6_cidr_block": "",
                "local_gateway_id": "",
                "nat_gateway_id": "",
                "network_interface_id": "",
                "transit_gateway_id": "",
                "vpc_endpoint_id": "",
                "vpc_peering_connection_id": ""
              }
            ],
            "tags": {
              "Name": "Public-USeast1b"
            },
            "vpc_id": "vpc-080cab294e28df3df"
          },
          "sensitive_attributes": [],
          "private": "bnVsbA==",
          "dependencies": [
            "aws_internet_gateway.gw1_VPC1",
            "aws_vpc.VPC1"
          ]
        }
      ]
    },
    {
      "mode": "managed",
      "type": "aws_route_table_association",
      "name": "subnet_1_pub_route_useast1a_association",
      "provider": "provider[\"registry.terraform.io/hashicorp/aws\"]",
      "instances": [
        {
          "schema_version": 0,
          "attributes": {
            "gateway_id": null,
            "id": "rtbassoc-0961f6fd0e750f835",
            "route_table_id": "rtb-0e94a71e2f1210490",
            "subnet_id": "subnet-0fd48c89fdcb2591e"
          },
          "sensitive_attributes": [],
          "private": "bnVsbA==",
          "dependencies": [
            "aws_internet_gateway.gw1_VPC1",
            "aws_route_table.public_route_table_useast1a",
            "aws_subnet.subnet1_VPC1",
            "aws_vpc.VPC1"
          ]
        }
      ]
    },
    {
      "mode": "managed",
      "type": "aws_route_table_association",
      "name": "subnet_2_priv_route_useast1a_association",
      "provider": "provider[\"registry.terraform.io/hashicorp/aws\"]",
      "instances": [
        {
          "schema_version": 0,
          "attributes": {
            "gateway_id": null,
            "id": "rtbassoc-04bf20cc765822c51",
            "route_table_id": "rtb-06232d6593148b456",
            "subnet_id": "subnet-0eedb25b5c2a93638"
          },
          "sensitive_attributes": [],
          "private": "bnVsbA==",
          "dependencies": [
            "aws_default_security_group.default_security_group_VPC1",
            "aws_instance.nat_useast1a",
            "aws_key_pair.nat_key3",
            "aws_route_table.private_route_table_1_useast1a",
            "aws_subnet.subnet1_VPC1",
            "aws_subnet.subnet2_VPC1",
            "aws_vpc.VPC1"
          ]
        }
      ]
    },
    {
      "mode": "managed",
      "type": "aws_route_table_association",
      "name": "subnet_3_priv_route_useast1a_association",
      "provider": "provider[\"registry.terraform.io/hashicorp/aws\"]",
      "instances": [
        {
          "schema_version": 0,
          "attributes": {
            "gateway_id": null,
            "id": "rtbassoc-0db42e9ec249fdd14",
            "route_table_id": "rtb-0176c65d7a592a0f3",
            "subnet_id": "subnet-0f344c25f159f21aa"
          },
          "sensitive_attributes": [],
          "private": "bnVsbA==",
          "dependencies": [
            "aws_route_table.private_route_table_2_useast1a",
            "aws_subnet.subnet3_VPC1",
            "aws_vpc.VPC1"
          ]
        }
      ]
    },
    {
      "mode": "managed",
      "type": "aws_route_table_association",
      "name": "subnet_4_pub_route_useast1b_association",
      "provider": "provider[\"registry.terraform.io/hashicorp/aws\"]",
      "instances": [
        {
          "schema_version": 0,
          "attributes": {
            "gateway_id": null,
            "id": "rtbassoc-08156a344f1192397",
            "route_table_id": "rtb-05c9cb9a56abbb051",
            "subnet_id": "subnet-02747d32cb38a6b91"
          },
          "sensitive_attributes": [],
          "private": "bnVsbA==",
          "dependencies": [
            "aws_internet_gateway.gw1_VPC1",
            "aws_route_table.public_route_table_useast1b",
            "aws_subnet.subnet4_VPC1",
            "aws_vpc.VPC1"
          ]
        }
      ]
    },
    {
      "mode": "managed",
      "type": "aws_route_table_association",
      "name": "subnet_5_priv_route_table_1_useast1b_association",
      "provider": "provider[\"registry.terraform.io/hashicorp/aws\"]",
      "instances": [
        {
          "schema_version": 0,
          "attributes": {
            "gateway_id": null,
            "id": "rtbassoc-00151341d55140c2e",
            "route_table_id": "rtb-0947c07abdd0e2072",
            "subnet_id": "subnet-0ff0e6befbbfd36f0"
          },
          "sensitive_attributes": [],
          "private": "bnVsbA==",
          "dependencies": [
            "aws_default_security_group.default_security_group_VPC1",
            "aws_instance.nat_useast1b",
            "aws_key_pair.nat_key2",
            "aws_route_table.private_route_table_1_useast1b",
            "aws_subnet.subnet4_VPC1",
            "aws_subnet.subnet5_VPC1",
            "aws_vpc.VPC1"
          ]
        }
      ]
    },
    {
      "mode": "managed",
      "type": "aws_route_table_association",
      "name": "subnet_6_priv_route_2_useast1b_association",
      "provider": "provider[\"registry.terraform.io/hashicorp/aws\"]",
      "instances": [
        {
          "schema_version": 0,
          "attributes": {
            "gateway_id": null,
            "id": "rtbassoc-013b25e7e1a551a22",
            "route_table_id": "rtb-03748b31a3f7e6e86",
            "subnet_id": "subnet-0cd8fafe82d76e2b6"
          },
          "sensitive_attributes": [],
          "private": "bnVsbA==",
          "dependencies": [
            "aws_route_table.private_route_table_2_useast1b",
            "aws_subnet.subnet6_VPC1",
            "aws_vpc.VPC1"
          ]
        }
      ]
    },
    {
      "mode": "managed",
      "type": "aws_s3_bucket",
      "name": "s3_productionEast1",
      "provider": "provider[\"registry.terraform.io/hashicorp/aws\"]",
      "instances": [
        {
          "schema_version": 0,
          "attributes": {
            "acceleration_status": "",
            "acl": "private",
            "arn": "arn:aws:s3:::webserver-production-s3east1-bucket",
            "bucket": "webserver-production-s3east1-bucket",
            "bucket_domain_name": "webserver-production-s3east1-bucket.s3.amazonaws.com",
            "bucket_prefix": null,
            "bucket_regional_domain_name": "webserver-production-s3east1-bucket.s3.amazonaws.com",
            "cors_rule": [],
            "force_destroy": true,
            "grant": [
              {
                "id": "dd33ca8c62ce087e5bcd1ee59a0b26640ffe307983d5c44ac636b9544cdd8e15",
                "permissions": [
                  "FULL_CONTROL"
                ],
                "type": "CanonicalUser",
                "uri": ""
              }
            ],
            "hosted_zone_id": "Z3AQBSTGFYJSTF",
            "id": "webserver-production-s3east1-bucket",
            "lifecycle_rule": [],
            "logging": [],
            "object_lock_configuration": [],
            "policy": null,
            "region": "us-east-1",
            "replication_configuration": [],
            "request_payer": "BucketOwner",
            "server_side_encryption_configuration": [],
            "tags": null,
            "versioning": [
              {
                "enabled": true,
                "mfa_delete": false
              }
            ],
            "website": [],
            "website_domain": null,
            "website_endpoint": null
          },
          "sensitive_attributes": [],
          "private": "bnVsbA==",
          "dependencies": [
            "data.aws_canonical_user_id.current_user"
          ]
        }
      ]
    },
    {
      "mode": "managed",
      "type": "aws_s3_bucket_policy",
      "name": "s3_productionEast1_policy",
      "provider": "provider[\"registry.terraform.io/hashicorp/aws\"]",
      "instances": [
        {
          "schema_version": 0,
          "attributes": {
            "bucket": "webserver-production-s3east1-bucket",
            "id": "webserver-production-s3east1-bucket",
            "policy": "{\n    \"Version\": \"2012-10-17\",\n    \"Statement\": [\n        {\n            \"Effect\": \"Allow\",\n            \"Principal\": {\n                \"Service\": \"codepipeline.amazonaws.com\"\n            },\n            \"Action\": [\n            \"s3:ListBucket\",\n            \"s3:Put*\"\n            ],\n            \"Resource\": [\n              \"arn:aws:s3:::webserver-production-s3east1-bucket\",\n              \"arn:aws:s3:::webserver-production-s3east1-bucket/*\"\n            ]\n        },\n        {\n            \"Effect\": \"Allow\",\n            \"Principal\": {\n                \"Service\": \"ec2.amazonaws.com\"\n            },\n            \"Action\": [\n            \"s3:Get*\",\n             \"s3:ListBucket\",\n             \"s3:ListBucketVersions\",\n             \"s3:GetBucketAcl\",\n             \"s3:GetBucketLocation\",\n             \"s3:GetBucketOwnershipControls\",\n             \"s3:GetBucketPolicy\",\n             \"s3:GetBucketPolicyStatus\",\n             \"s3:GetBucketVersioning\",\n             \"s3:GetEncryptionConfiguration\",\n             \"s3:GetObject\",\n             \"s3:GetObjectAcl\",\n             \"s3:GetObjectVersion\",\n             \"s3:GetObjectVersionAcl\"\n            ],\n            \"Resource\": [\n              \"arn:aws:s3:::webserver-production-s3east1-bucket\",\n              \"arn:aws:s3:::webserver-production-s3east1-bucket/*\"\n            ]\n        },\n        {\n            \"Effect\": \"Allow\",\n            \"Principal\": {\n                \"Service\": \"codebuild.amazonaws.com\"\n            },\n            \"Action\": [ \n            \"s3:Put*\",\n            \"s3:List*\"\n            ],\n            \"Resource\": [\n              \"arn:aws:s3:::webserver-production-s3east1-bucket\",\n              \"arn:aws:s3:::webserver-production-s3east1-bucket/*\"\n            ]\n        },\n        {\n            \"Effect\": \"Allow\",\n            \"Principal\": {\n                \"Service\": \"codedeploy.amazonaws.com\"\n            },\n            \"Action\": [\n            \"s3:List*\",\n            \"s3:Put*\",\n            \"s3:Get*\"\n            ],\n            \"Resource\": [\n              \"arn:aws:s3:::webserver-production-s3east1-bucket\",\n              \"arn:aws:s3:::webserver-production-s3east1-bucket/*\"\n            ]\n        }\n    ]\n  }\n"
          },
          "sensitive_attributes": [],
          "private": "bnVsbA==",
          "dependencies": [
            "aws_s3_bucket.s3_productionEast1",
            "data.aws_canonical_user_id.current_user"
          ]
        }
      ]
    },
    {
      "mode": "managed",
      "type": "aws_security_group",
      "name": "alb_secgrp",
      "provider": "provider[\"registry.terraform.io/hashicorp/aws\"]",
      "instances": [
        {
          "schema_version": 1,
          "attributes": {
            "arn": "arn:aws:ec2:us-east-1:062812664163:security-group/sg-0259053e3e27ddf06",
            "description": "Security Group for Application Load Balancer",
            "egress": [
              {
                "cidr_blocks": [
                  "192.168.0.2/32"
                ],
                "description": "DNS Traffic to Route53 Resolver",
                "from_port": 53,
                "ipv6_cidr_blocks": [],
                "prefix_list_ids": [],
                "protocol": "udp",
                "security_groups": [],
                "self": false,
                "to_port": 53
              },
              {
                "cidr_blocks": [
                  "192.168.2.0/24",
                  "192.168.5.0/24"
                ],
                "description": "TCP Ephemeral Traffic to Web Servers",
                "from_port": 1024,
                "ipv6_cidr_blocks": [],
                "prefix_list_ids": [],
                "protocol": "tcp",
                "security_groups": [],
                "self": false,
                "to_port": 65535
              },
              {
                "cidr_blocks": [
                  "192.168.2.0/24",
                  "192.168.5.0/24"
                ],
                "description": "TCP HTTP Traffic to Web Servers",
                "from_port": 80,
                "ipv6_cidr_blocks": [],
                "prefix_list_ids": [],
                "protocol": "tcp",
                "security_groups": [],
                "self": false,
                "to_port": 80
              },
              {
                "cidr_blocks": [
                  "192.168.2.0/24",
                  "192.168.5.0/24"
                ],
                "description": "TCP HTTPS Traffic to Web Servers",
                "from_port": 443,
                "ipv6_cidr_blocks": [],
                "prefix_list_ids": [],
                "protocol": "tcp",
                "security_groups": [],
                "self": false,
                "to_port": 443
              },
              {
                "cidr_blocks": [
                  "192.168.2.0/24",
                  "192.168.5.0/24"
                ],
                "description": "UDP Ephemeral Traffic to Web Servers",
                "from_port": 1024,
                "ipv6_cidr_blocks": [],
                "prefix_list_ids": [],
                "protocol": "udp",
                "security_groups": [],
                "self": false,
                "to_port": 65535
              }
            ],
            "id": "sg-0259053e3e27ddf06",
            "ingress": [
              {
                "cidr_blocks": [
                  "0.0.0.0/0"
                ],
                "description": "TCP HTTP Traffic from Anywhere",
                "from_port": 80,
                "ipv6_cidr_blocks": [],
                "prefix_list_ids": [],
                "protocol": "tcp",
                "security_groups": [],
                "self": false,
                "to_port": 80
              },
              {
                "cidr_blocks": [
                  "0.0.0.0/0"
                ],
                "description": "TCP HTTPS Traffic from Anywhere",
                "from_port": 443,
                "ipv6_cidr_blocks": [],
                "prefix_list_ids": [],
                "protocol": "tcp",
                "security_groups": [],
                "self": false,
                "to_port": 443
              },
              {
                "cidr_blocks": [
                  "0.0.0.0/0"
                ],
                "description": "UDP HTTP Traffic from Anywhere",
                "from_port": 8443,
                "ipv6_cidr_blocks": [],
                "prefix_list_ids": [],
                "protocol": "tcp",
                "security_groups": [],
                "self": false,
                "to_port": 8443
              },
              {
                "cidr_blocks": [
                  "192.168.0.2/32"
                ],
                "description": "DNS Traffic from Route53 Resolver",
                "from_port": 53,
                "ipv6_cidr_blocks": [],
                "prefix_list_ids": [],
                "protocol": "udp",
                "security_groups": [],
                "self": false,
                "to_port": 53
              }
            ],
            "name": "ALB Security Group",
            "name_prefix": "",
            "owner_id": "062812664163",
            "revoke_rules_on_delete": false,
            "tags": {
              "Name": "AppLB Security Group"
            },
            "timeouts": null,
            "vpc_id": "vpc-080cab294e28df3df"
          },
          "sensitive_attributes": [],
          "private": "eyJlMmJmYjczMC1lY2FhLTExZTYtOGY4OC0zNDM2M2JjN2M0YzAiOnsiY3JlYXRlIjo2MDAwMDAwMDAwMDAsImRlbGV0ZSI6NjAwMDAwMDAwMDAwfSwic2NoZW1hX3ZlcnNpb24iOiIxIn0=",
          "dependencies": [
            "aws_subnet.subnet2_VPC1",
            "aws_subnet.subnet5_VPC1",
            "aws_vpc.VPC1"
          ]
        }
      ]
    },
    {
      "mode": "managed",
      "type": "aws_security_group",
      "name": "nat_instance_secgrp",
      "provider": "provider[\"registry.terraform.io/hashicorp/aws\"]",
      "instances": [
        {
          "status": "tainted",
          "schema_version": 1,
          "attributes": {
            "arn": null,
            "description": "Security Group for NAT instances",
            "egress": [
              {
                "cidr_blocks": [
                  "0.0.0.0/0"
                ],
                "description": "TCP Ephemeral Traffic to Anywhere",
                "from_port": 1024,
                "ipv6_cidr_blocks": [],
                "prefix_list_ids": [],
                "protocol": "tcp",
                "security_groups": [],
                "self": false,
                "to_port": 65535
              },
              {
                "cidr_blocks": [
                  "0.0.0.0/0"
                ],
                "description": "TCP HTTP Traffic to Anywhere",
                "from_port": 80,
                "ipv6_cidr_blocks": [],
                "prefix_list_ids": [],
                "protocol": "tcp",
                "security_groups": [],
                "self": false,
                "to_port": 80
              },
              {
                "cidr_blocks": [
                  "0.0.0.0/0"
                ],
                "description": "TCP HTTPS Traffic to Anywhere",
                "from_port": 443,
                "ipv6_cidr_blocks": [],
                "prefix_list_ids": [],
                "protocol": "tcp",
                "security_groups": [],
                "self": false,
                "to_port": 443
              },
              {
                "cidr_blocks": [
                  "0.0.0.0/0"
                ],
                "description": "UDP Ephemeral Traffic to Anywhere",
                "from_port": 1024,
                "ipv6_cidr_blocks": [],
                "prefix_list_ids": [],
                "protocol": "udp",
                "security_groups": [],
                "self": false,
                "to_port": 65535
              },
              {
                "cidr_blocks": [
                  "192.168.0.2/32"
                ],
                "description": "DNS Traffic to Route53 Resolver",
                "from_port": 53,
                "ipv6_cidr_blocks": [],
                "prefix_list_ids": [],
                "protocol": "udp",
                "security_groups": [],
                "self": false,
                "to_port": 53
              },
              {
                "cidr_blocks": [
                  "3.223.132.252/32",
                  "192.168.2.0/24",
                  "192.168.5.0/24"
                ],
                "description": "SSH Traffic to Web Servers",
                "from_port": 22,
                "ipv6_cidr_blocks": [],
                "prefix_list_ids": [],
                "protocol": "tcp",
                "security_groups": [],
                "self": false,
                "to_port": 22
              }
            ],
            "id": "sg-0bd4092970e6014e7",
            "ingress": [
              {
                "cidr_blocks": [
                  "3.223.132.252/32"
                ],
                "description": "SSH Traffic from Bastion Host",
                "from_port": 22,
                "ipv6_cidr_blocks": [],
                "prefix_list_ids": [],
                "protocol": "tcp",
                "security_groups": [],
                "self": false,
                "to_port": 22
              },
              {
                "cidr_blocks": [],
                "description": "DNS Traffic from Route53 Resolver",
                "from_port": 53,
                "ipv6_cidr_blocks": [],
                "prefix_list_ids": [],
                "protocol": "udp",
                "security_groups": [
                  "192.168.0.2/32"
                ],
                "self": false,
                "to_port": 53
              },
              {
                "cidr_blocks": [],
                "description": "TCP Ephemeral Traffic from Web Servers",
                "from_port": 1024,
                "ipv6_cidr_blocks": [],
                "prefix_list_ids": [],
                "protocol": "tcp",
                "security_groups": [
                  "sg-06d315626ecdd4d70"
                ],
                "self": false,
                "to_port": 65535
              },
              {
                "cidr_blocks": [],
                "description": "UDP Ephemeral Traffic from Web Servers",
                "from_port": 1024,
                "ipv6_cidr_blocks": [],
                "prefix_list_ids": [],
                "protocol": "udp",
                "security_groups": [
                  "sg-06d315626ecdd4d70"
                ],
                "self": false,
                "to_port": 65535
              }
            ],
            "name": "NAT Security Group",
            "name_prefix": null,
            "owner_id": null,
            "revoke_rules_on_delete": false,
            "tags": {
              "Name": "NAT Security Group"
            },
            "timeouts": null,
            "vpc_id": "vpc-080cab294e28df3df"
          },
          "sensitive_attributes": [],
          "private": "eyJlMmJmYjczMC1lY2FhLTExZTYtOGY4OC0zNDM2M2JjN2M0YzAiOnsiY3JlYXRlIjo2MDAwMDAwMDAwMDAsImRlbGV0ZSI6NjAwMDAwMDAwMDAwfSwic2NoZW1hX3ZlcnNpb24iOiIxIn0=",
          "dependencies": [
            "aws_security_group.alb_secgrp",
            "aws_security_group.web_instance_secgrp",
            "aws_subnet.subnet1_VPC1",
            "aws_subnet.subnet2_VPC1",
            "aws_subnet.subnet4_VPC1",
            "aws_subnet.subnet5_VPC1",
            "aws_vpc.VPC1"
          ]
        }
      ]
    },
    {
      "mode": "managed",
      "type": "aws_security_group",
      "name": "web_instance_secgrp",
      "provider": "provider[\"registry.terraform.io/hashicorp/aws\"]",
      "instances": [
        {
          "schema_version": 1,
          "attributes": {
            "arn": "arn:aws:ec2:us-east-1:062812664163:security-group/sg-06d315626ecdd4d70",
            "description": "Security Group for NAT instances",
            "egress": [
              {
                "cidr_blocks": [
                  "192.168.0.2/32"
                ],
                "description": "DNS Traffic to Route53 Resolver",
                "from_port": 53,
                "ipv6_cidr_blocks": [],
                "prefix_list_ids": [],
                "protocol": "udp",
                "security_groups": [],
                "self": false,
                "to_port": 53
              },
              {
                "cidr_blocks": [
                  "192.168.1.0/24",
                  "192.168.4.0/24"
                ],
                "description": "TCP Ephemeral Traffic to NAT Servers",
                "from_port": 1024,
                "ipv6_cidr_blocks": [],
                "prefix_list_ids": [],
                "protocol": "tcp",
                "security_groups": [],
                "self": false,
                "to_port": 65535
              },
              {
                "cidr_blocks": [
                  "192.168.1.0/24",
                  "192.168.4.0/24"
                ],
                "description": "TCP HTTP Traffic to NAT Servers",
                "from_port": 80,
                "ipv6_cidr_blocks": [],
                "prefix_list_ids": [],
                "protocol": "tcp",
                "security_groups": [],
                "self": false,
                "to_port": 80
              },
              {
                "cidr_blocks": [
                  "192.168.1.0/24",
                  "192.168.4.0/24"
                ],
                "description": "TCP HTTPS Traffic to NAT Servers",
                "from_port": 443,
                "ipv6_cidr_blocks": [],
                "prefix_list_ids": [],
                "protocol": "tcp",
                "security_groups": [],
                "self": false,
                "to_port": 443
              },
              {
                "cidr_blocks": [
                  "192.168.1.0/24",
                  "192.168.4.0/24"
                ],
                "description": "UDP Ephemeral Traffic to NAT Servers",
                "from_port": 1024,
                "ipv6_cidr_blocks": [],
                "prefix_list_ids": [],
                "protocol": "udp",
                "security_groups": [],
                "self": false,
                "to_port": 65535
              },
              {
                "cidr_blocks": [
                  "192.168.2.0/24",
                  "192.168.5.0/24"
                ],
                "description": "TCP HTTPS Traffic to CodeDeploy Endpoint",
                "from_port": 443,
                "ipv6_cidr_blocks": [],
                "prefix_list_ids": [],
                "protocol": "tcp",
                "security_groups": [],
                "self": false,
                "to_port": 443
              }
            ],
            "id": "sg-06d315626ecdd4d70",
            "ingress": [
              {
                "cidr_blocks": [
                  "192.168.0.2/32"
                ],
                "description": "DNS Traffic from Route53 Resolvere",
                "from_port": 53,
                "ipv6_cidr_blocks": [],
                "prefix_list_ids": [],
                "protocol": "udp",
                "security_groups": [],
                "self": false,
                "to_port": 53
              },
              {
                "cidr_blocks": [
                  "192.168.1.0/24",
                  "192.168.4.0/24"
                ],
                "description": "SSH Traffic from NAT servers",
                "from_port": 22,
                "ipv6_cidr_blocks": [],
                "prefix_list_ids": [],
                "protocol": "tcp",
                "security_groups": [],
                "self": false,
                "to_port": 22
              },
              {
                "cidr_blocks": [],
                "description": "TCP Ephemeral Traffic from appLB ",
                "from_port": 1024,
                "ipv6_cidr_blocks": [],
                "prefix_list_ids": [],
                "protocol": "tcp",
                "security_groups": [
                  "sg-0259053e3e27ddf06"
                ],
                "self": false,
                "to_port": 65535
              },
              {
                "cidr_blocks": [],
                "description": "TCP HTTP Traffic/Health Check from appLB",
                "from_port": 80,
                "ipv6_cidr_blocks": [],
                "prefix_list_ids": [],
                "protocol": "tcp",
                "security_groups": [
                  "sg-0259053e3e27ddf06"
                ],
                "self": false,
                "to_port": 80
              },
              {
                "cidr_blocks": [],
                "description": "TCP HTTPS Traffic from appLB",
                "from_port": 443,
                "ipv6_cidr_blocks": [],
                "prefix_list_ids": [],
                "protocol": "tcp",
                "security_groups": [
                  "sg-0259053e3e27ddf06"
                ],
                "self": false,
                "to_port": 443
              },
              {
                "cidr_blocks": [],
                "description": "UDP Ephemeral Traffic from appLB ",
                "from_port": 1024,
                "ipv6_cidr_blocks": [],
                "prefix_list_ids": [],
                "protocol": "udp",
                "security_groups": [
                  "sg-0259053e3e27ddf06"
                ],
                "self": false,
                "to_port": 65535
              }
            ],
            "name": "Web Security Group",
            "name_prefix": "",
            "owner_id": "062812664163",
            "revoke_rules_on_delete": false,
            "tags": {
              "Name": "Web Server Security Group"
            },
            "timeouts": null,
            "vpc_id": "vpc-080cab294e28df3df"
          },
          "sensitive_attributes": [],
          "private": "eyJlMmJmYjczMC1lY2FhLTExZTYtOGY4OC0zNDM2M2JjN2M0YzAiOnsiY3JlYXRlIjo2MDAwMDAwMDAwMDAsImRlbGV0ZSI6NjAwMDAwMDAwMDAwfSwic2NoZW1hX3ZlcnNpb24iOiIxIn0=",
          "dependencies": [
            "aws_security_group.alb_secgrp",
            "aws_subnet.subnet1_VPC1",
            "aws_subnet.subnet2_VPC1",
            "aws_subnet.subnet4_VPC1",
            "aws_subnet.subnet5_VPC1",
            "aws_vpc.VPC1"
          ]
        }
      ]
    },
    {
      "mode": "managed",
      "type": "aws_security_group",
      "name": "webserver_codedeploy_endpoint_secgrp",
      "provider": "provider[\"registry.terraform.io/hashicorp/aws\"]",
      "instances": [
        {
          "schema_version": 1,
          "attributes": {
            "arn": "arn:aws:ec2:us-east-1:062812664163:security-group/sg-0bab0bd963526d334",
            "description": "Permits access to Webservers from CodeDeploy Endpoint",
            "egress": [
              {
                "cidr_blocks": [
                  "0.0.0.0/0"
                ],
                "description": "TCP HTTPS Traffic to CodeDeploy Service",
                "from_port": 443,
                "ipv6_cidr_blocks": [],
                "prefix_list_ids": [],
                "protocol": "tcp",
                "security_groups": [],
                "self": false,
                "to_port": 443
              }
            ],
            "id": "sg-0bab0bd963526d334",
            "ingress": [
              {
                "cidr_blocks": [
                  "192.168.2.0/24",
                  "192.168.5.0/24"
                ],
                "description": "TCP HTTPS Traffic from Web Servers",
                "from_port": 443,
                "ipv6_cidr_blocks": [],
                "prefix_list_ids": [],
                "protocol": "tcp",
                "security_groups": [],
                "self": false,
                "to_port": 443
              }
            ],
            "name": "codedeployendpointsecgrp",
            "name_prefix": "",
            "owner_id": "062812664163",
            "revoke_rules_on_delete": false,
            "tags": {
              "Name": "CodeDeploy Endpoint Security Group"
            },
            "timeouts": null,
            "vpc_id": "vpc-080cab294e28df3df"
          },
          "sensitive_attributes": [],
          "private": "eyJlMmJmYjczMC1lY2FhLTExZTYtOGY4OC0zNDM2M2JjN2M0YzAiOnsiY3JlYXRlIjo2MDAwMDAwMDAwMDAsImRlbGV0ZSI6NjAwMDAwMDAwMDAwfSwic2NoZW1hX3ZlcnNpb24iOiIxIn0=",
          "dependencies": [
            "aws_subnet.subnet2_VPC1",
            "aws_subnet.subnet5_VPC1",
            "aws_vpc.VPC1"
          ]
        }
      ]
    },
    {
      "mode": "managed",
      "type": "aws_sns_topic",
      "name": "CodeDeploySNS",
      "provider": "provider[\"registry.terraform.io/hashicorp/aws\"]",
      "instances": [
        {
          "schema_version": 0,
          "attributes": {
            "application_failure_feedback_role_arn": "",
            "application_success_feedback_role_arn": "",
            "application_success_feedback_sample_rate": null,
            "arn": "arn:aws:sns:us-east-1:062812664163:CodeDeploySNS",
            "delivery_policy": "",
            "display_name": "",
            "http_failure_feedback_role_arn": "",
            "http_success_feedback_role_arn": "",
            "http_success_feedback_sample_rate": null,
            "id": "arn:aws:sns:us-east-1:062812664163:CodeDeploySNS",
            "kms_master_key_id": "",
            "lambda_failure_feedback_role_arn": "",
            "lambda_success_feedback_role_arn": "",
            "lambda_success_feedback_sample_rate": null,
            "name": "CodeDeploySNS",
            "name_prefix": null,
            "policy": "{\"Version\":\"2008-10-17\",\"Id\":\"__default_policy_ID\",\"Statement\":[{\"Sid\":\"__default_statement_ID\",\"Effect\":\"Allow\",\"Principal\":{\"AWS\":\"*\"},\"Action\":[\"SNS:GetTopicAttributes\",\"SNS:SetTopicAttributes\",\"SNS:AddPermission\",\"SNS:RemovePermission\",\"SNS:DeleteTopic\",\"SNS:Subscribe\",\"SNS:ListSubscriptionsByTopic\",\"SNS:Publish\",\"SNS:Receive\"],\"Resource\":\"arn:aws:sns:us-east-1:062812664163:CodeDeploySNS\",\"Condition\":{\"StringEquals\":{\"AWS:SourceOwner\":\"062812664163\"}}}]}",
            "sqs_failure_feedback_role_arn": "",
            "sqs_success_feedback_role_arn": "",
            "sqs_success_feedback_sample_rate": null,
            "tags": null
          },
          "sensitive_attributes": [],
          "private": "bnVsbA=="
        }
      ]
    },
    {
      "mode": "managed",
      "type": "aws_subnet",
      "name": "subnet1_VPC1",
      "provider": "provider[\"registry.terraform.io/hashicorp/aws\"]",
      "instances": [
        {
          "schema_version": 1,
          "attributes": {
            "arn": "arn:aws:ec2:us-east-1:062812664163:subnet/subnet-0fd48c89fdcb2591e",
            "assign_ipv6_address_on_creation": false,
            "availability_zone": "us-east-1a",
            "availability_zone_id": "use1-az2",
            "cidr_block": "192.168.1.0/24",
            "id": "subnet-0fd48c89fdcb2591e",
            "ipv6_cidr_block": "",
            "ipv6_cidr_block_association_id": "",
            "map_public_ip_on_launch": false,
            "outpost_arn": "",
            "owner_id": "062812664163",
            "tags": {
              "Name": "subnet1_VPC1"
            },
            "timeouts": null,
            "vpc_id": "vpc-080cab294e28df3df"
          },
          "sensitive_attributes": [],
          "private": "eyJlMmJmYjczMC1lY2FhLTExZTYtOGY4OC0zNDM2M2JjN2M0YzAiOnsiY3JlYXRlIjo2MDAwMDAwMDAwMDAsImRlbGV0ZSI6MTIwMDAwMDAwMDAwMH0sInNjaGVtYV92ZXJzaW9uIjoiMSJ9",
          "dependencies": [
            "aws_vpc.VPC1"
          ]
        }
      ]
    },
    {
      "mode": "managed",
      "type": "aws_subnet",
      "name": "subnet2_VPC1",
      "provider": "provider[\"registry.terraform.io/hashicorp/aws\"]",
      "instances": [
        {
          "schema_version": 1,
          "attributes": {
            "arn": "arn:aws:ec2:us-east-1:062812664163:subnet/subnet-0eedb25b5c2a93638",
            "assign_ipv6_address_on_creation": false,
            "availability_zone": "us-east-1a",
            "availability_zone_id": "use1-az2",
            "cidr_block": "192.168.2.0/24",
            "id": "subnet-0eedb25b5c2a93638",
            "ipv6_cidr_block": "",
            "ipv6_cidr_block_association_id": "",
            "map_public_ip_on_launch": false,
            "outpost_arn": "",
            "owner_id": "062812664163",
            "tags": {
              "Name": "subnet2_VPC1"
            },
            "timeouts": null,
            "vpc_id": "vpc-080cab294e28df3df"
          },
          "sensitive_attributes": [],
          "private": "eyJlMmJmYjczMC1lY2FhLTExZTYtOGY4OC0zNDM2M2JjN2M0YzAiOnsiY3JlYXRlIjo2MDAwMDAwMDAwMDAsImRlbGV0ZSI6MTIwMDAwMDAwMDAwMH0sInNjaGVtYV92ZXJzaW9uIjoiMSJ9",
          "dependencies": [
            "aws_vpc.VPC1"
          ]
        }
      ]
    },
    {
      "mode": "managed",
      "type": "aws_subnet",
      "name": "subnet3_VPC1",
      "provider": "provider[\"registry.terraform.io/hashicorp/aws\"]",
      "instances": [
        {
          "schema_version": 1,
          "attributes": {
            "arn": "arn:aws:ec2:us-east-1:062812664163:subnet/subnet-0f344c25f159f21aa",
            "assign_ipv6_address_on_creation": false,
            "availability_zone": "us-east-1a",
            "availability_zone_id": "use1-az2",
            "cidr_block": "192.168.3.0/24",
            "id": "subnet-0f344c25f159f21aa",
            "ipv6_cidr_block": "",
            "ipv6_cidr_block_association_id": "",
            "map_public_ip_on_launch": false,
            "outpost_arn": "",
            "owner_id": "062812664163",
            "tags": {
              "Name": "subnet3_VPC1"
            },
            "timeouts": null,
            "vpc_id": "vpc-080cab294e28df3df"
          },
          "sensitive_attributes": [],
          "private": "eyJlMmJmYjczMC1lY2FhLTExZTYtOGY4OC0zNDM2M2JjN2M0YzAiOnsiY3JlYXRlIjo2MDAwMDAwMDAwMDAsImRlbGV0ZSI6MTIwMDAwMDAwMDAwMH0sInNjaGVtYV92ZXJzaW9uIjoiMSJ9",
          "dependencies": [
            "aws_vpc.VPC1"
          ]
        }
      ]
    },
    {
      "mode": "managed",
      "type": "aws_subnet",
      "name": "subnet4_VPC1",
      "provider": "provider[\"registry.terraform.io/hashicorp/aws\"]",
      "instances": [
        {
          "schema_version": 1,
          "attributes": {
            "arn": "arn:aws:ec2:us-east-1:062812664163:subnet/subnet-02747d32cb38a6b91",
            "assign_ipv6_address_on_creation": false,
            "availability_zone": "us-east-1b",
            "availability_zone_id": "use1-az4",
            "cidr_block": "192.168.4.0/24",
            "id": "subnet-02747d32cb38a6b91",
            "ipv6_cidr_block": "",
            "ipv6_cidr_block_association_id": "",
            "map_public_ip_on_launch": false,
            "outpost_arn": "",
            "owner_id": "062812664163",
            "tags": {
              "Name": "subnet4_VPC1"
            },
            "timeouts": null,
            "vpc_id": "vpc-080cab294e28df3df"
          },
          "sensitive_attributes": [],
          "private": "eyJlMmJmYjczMC1lY2FhLTExZTYtOGY4OC0zNDM2M2JjN2M0YzAiOnsiY3JlYXRlIjo2MDAwMDAwMDAwMDAsImRlbGV0ZSI6MTIwMDAwMDAwMDAwMH0sInNjaGVtYV92ZXJzaW9uIjoiMSJ9",
          "dependencies": [
            "aws_vpc.VPC1"
          ]
        }
      ]
    },
    {
      "mode": "managed",
      "type": "aws_subnet",
      "name": "subnet5_VPC1",
      "provider": "provider[\"registry.terraform.io/hashicorp/aws\"]",
      "instances": [
        {
          "schema_version": 1,
          "attributes": {
            "arn": "arn:aws:ec2:us-east-1:062812664163:subnet/subnet-0ff0e6befbbfd36f0",
            "assign_ipv6_address_on_creation": false,
            "availability_zone": "us-east-1b",
            "availability_zone_id": "use1-az4",
            "cidr_block": "192.168.5.0/24",
            "id": "subnet-0ff0e6befbbfd36f0",
            "ipv6_cidr_block": "",
            "ipv6_cidr_block_association_id": "",
            "map_public_ip_on_launch": false,
            "outpost_arn": "",
            "owner_id": "062812664163",
            "tags": {
              "Name": "subnet5_VPC1"
            },
            "timeouts": null,
            "vpc_id": "vpc-080cab294e28df3df"
          },
          "sensitive_attributes": [],
          "private": "eyJlMmJmYjczMC1lY2FhLTExZTYtOGY4OC0zNDM2M2JjN2M0YzAiOnsiY3JlYXRlIjo2MDAwMDAwMDAwMDAsImRlbGV0ZSI6MTIwMDAwMDAwMDAwMH0sInNjaGVtYV92ZXJzaW9uIjoiMSJ9",
          "dependencies": [
            "aws_vpc.VPC1"
          ]
        }
      ]
    },
    {
      "mode": "managed",
      "type": "aws_subnet",
      "name": "subnet6_VPC1",
      "provider": "provider[\"registry.terraform.io/hashicorp/aws\"]",
      "instances": [
        {
          "schema_version": 1,
          "attributes": {
            "arn": "arn:aws:ec2:us-east-1:062812664163:subnet/subnet-0cd8fafe82d76e2b6",
            "assign_ipv6_address_on_creation": false,
            "availability_zone": "us-east-1b",
            "availability_zone_id": "use1-az4",
            "cidr_block": "192.168.6.0/24",
            "id": "subnet-0cd8fafe82d76e2b6",
            "ipv6_cidr_block": "",
            "ipv6_cidr_block_association_id": "",
            "map_public_ip_on_launch": false,
            "outpost_arn": "",
            "owner_id": "062812664163",
            "tags": {
              "Name": "subnet6_VPC1"
            },
            "timeouts": null,
            "vpc_id": "vpc-080cab294e28df3df"
          },
          "sensitive_attributes": [],
          "private": "eyJlMmJmYjczMC1lY2FhLTExZTYtOGY4OC0zNDM2M2JjN2M0YzAiOnsiY3JlYXRlIjo2MDAwMDAwMDAwMDAsImRlbGV0ZSI6MTIwMDAwMDAwMDAwMH0sInNjaGVtYV92ZXJzaW9uIjoiMSJ9",
          "dependencies": [
            "aws_vpc.VPC1"
          ]
        }
      ]
    },
    {
      "mode": "managed",
      "type": "aws_vpc",
      "name": "VPC1",
      "provider": "provider[\"registry.terraform.io/hashicorp/aws\"]",
      "instances": [
        {
          "schema_version": 1,
          "attributes": {
            "arn": "arn:aws:ec2:us-east-1:062812664163:vpc/vpc-080cab294e28df3df",
            "assign_generated_ipv6_cidr_block": false,
            "cidr_block": "192.168.0.0/16",
            "default_network_acl_id": "acl-026f171c3138f0298",
            "default_route_table_id": "rtb-0a559142f96175501",
            "default_security_group_id": "sg-0848dba4f354210ec",
            "dhcp_options_id": "dopt-d40568ae",
            "enable_classiclink": false,
            "enable_classiclink_dns_support": false,
            "enable_dns_hostnames": true,
            "enable_dns_support": true,
            "id": "vpc-080cab294e28df3df",
            "instance_tenancy": "default",
            "ipv6_association_id": "",
            "ipv6_cidr_block": "",
            "main_route_table_id": "rtb-0a559142f96175501",
            "owner_id": "062812664163",
            "tags": {
              "Name": "VPC1"
            }
          },
          "sensitive_attributes": [],
          "private": "eyJzY2hlbWFfdmVyc2lvbiI6IjEifQ=="
        }
      ]
    },
    {
      "mode": "managed",
      "type": "aws_vpc_dhcp_options",
      "name": "dns_resolver_settings",
      "provider": "provider[\"registry.terraform.io/hashicorp/aws\"]",
      "instances": [
        {
          "schema_version": 0,
          "attributes": {
            "arn": "arn:aws:ec2:us-east-1:062812664163:dhcp-options/dopt-07c9ff2704fff0ff8",
            "domain_name": "www.nutsandbolts-online.us.to",
            "domain_name_servers": [
              "AmazonProvidedDns"
            ],
            "id": "dopt-07c9ff2704fff0ff8",
            "netbios_name_servers": null,
            "netbios_node_type": null,
            "ntp_servers": null,
            "owner_id": "062812664163",
            "tags": null
          },
          "sensitive_attributes": [],
          "private": "bnVsbA=="
        }
      ]
    },
    {
      "mode": "managed",
      "type": "aws_vpc_dhcp_options_association",
      "name": "dns_resolver_VPC1_association",
      "provider": "provider[\"registry.terraform.io/hashicorp/aws\"]",
      "instances": [
        {
          "schema_version": 0,
          "attributes": {
            "dhcp_options_id": "dopt-07c9ff2704fff0ff8",
            "id": "dopt-07c9ff2704fff0ff8-vpc-080cab294e28df3df",
            "vpc_id": "vpc-080cab294e28df3df"
          },
          "sensitive_attributes": [],
          "private": "bnVsbA==",
          "dependencies": [
            "aws_vpc.VPC1",
            "aws_vpc_dhcp_options.dns_resolver_settings"
          ]
        }
      ]
    },
    {
      "mode": "managed",
      "type": "aws_vpc_endpoint",
      "name": "codedeploy_endpoint",
      "provider": "provider[\"registry.terraform.io/hashicorp/aws\"]",
      "instances": [
        {
          "schema_version": 0,
          "attributes": {
            "arn": "arn:aws:ec2:us-east-1:062812664163:vpc-endpoint/vpce-03396d6cd6b587457",
            "auto_accept": null,
            "cidr_blocks": [],
            "dns_entry": [
              {
                "dns_name": "vpce-03396d6cd6b587457-dg8nkg5l.codedeploy.us-east-1.vpce.amazonaws.com",
                "hosted_zone_id": "Z7HUB22UULQXV"
              },
              {
                "dns_name": "vpce-03396d6cd6b587457-dg8nkg5l-us-east-1a.codedeploy.us-east-1.vpce.amazonaws.com",
                "hosted_zone_id": "Z7HUB22UULQXV"
              },
              {
                "dns_name": "vpce-03396d6cd6b587457-dg8nkg5l-us-east-1b.codedeploy.us-east-1.vpce.amazonaws.com",
                "hosted_zone_id": "Z7HUB22UULQXV"
              },
              {
                "dns_name": "codedeploy.us-east-1.amazonaws.com",
                "hosted_zone_id": "Z01982311RCBK88O2514T"
              }
            ],
            "id": "vpce-03396d6cd6b587457",
            "network_interface_ids": [
              "eni-0bd326b1d46403381",
              "eni-0c7a41784e3202b4e"
            ],
            "owner_id": "062812664163",
            "policy": "{\"Statement\":[{\"Action\":\"*\",\"Effect\":\"Allow\",\"Principal\":\"*\",\"Resource\":\"*\"}]}",
            "prefix_list_id": null,
            "private_dns_enabled": true,
            "requester_managed": false,
            "route_table_ids": [],
            "security_group_ids": [
              "sg-0848dba4f354210ec"
            ],
            "service_name": "com.amazonaws.us-east-1.codedeploy",
            "state": "available",
            "subnet_ids": [
              "subnet-0eedb25b5c2a93638",
              "subnet-0ff0e6befbbfd36f0"
            ],
            "tags": null,
            "timeouts": null,
            "vpc_endpoint_type": "Interface",
            "vpc_id": "vpc-080cab294e28df3df"
          },
          "sensitive_attributes": [],
          "private": "eyJlMmJmYjczMC1lY2FhLTExZTYtOGY4OC0zNDM2M2JjN2M0YzAiOnsiY3JlYXRlIjo2MDAwMDAwMDAwMDAsImRlbGV0ZSI6NjAwMDAwMDAwMDAwLCJ1cGRhdGUiOjYwMDAwMDAwMDAwMH19",
          "dependencies": [
            "aws_default_security_group.default_security_group_VPC1",
            "aws_subnet.subnet2_VPC1",
            "aws_subnet.subnet5_VPC1",
            "aws_vpc.VPC1"
          ]
        }
      ]
    },
    {
      "mode": "managed",
      "type": "aws_vpc_endpoint",
      "name": "codedeploy_endpoint_commands_secure",
      "provider": "provider[\"registry.terraform.io/hashicorp/aws\"]",
      "instances": [
        {
          "schema_version": 0,
          "attributes": {
            "arn": "arn:aws:ec2:us-east-1:062812664163:vpc-endpoint/vpce-03790ea24e9b80830",
            "auto_accept": null,
            "cidr_blocks": [],
            "dns_entry": [
              {
                "dns_name": "vpce-03790ea24e9b80830-oqiwcvcp.codedeploy-commands-secure.us-east-1.vpce.amazonaws.com",
                "hosted_zone_id": "Z7HUB22UULQXV"
              },
              {
                "dns_name": "vpce-03790ea24e9b80830-oqiwcvcp-us-east-1b.codedeploy-commands-secure.us-east-1.vpce.amazonaws.com",
                "hosted_zone_id": "Z7HUB22UULQXV"
              },
              {
                "dns_name": "vpce-03790ea24e9b80830-oqiwcvcp-us-east-1a.codedeploy-commands-secure.us-east-1.vpce.amazonaws.com",
                "hosted_zone_id": "Z7HUB22UULQXV"
              },
              {
                "dns_name": "codedeploy-commands-secure.us-east-1.amazonaws.com",
                "hosted_zone_id": "Z10203333H2LCGO4WWU5E"
              }
            ],
            "id": "vpce-03790ea24e9b80830",
            "network_interface_ids": [
              "eni-03117a4cebe6692fb",
              "eni-03bdbb0ccd7eeacd6"
            ],
            "owner_id": "062812664163",
            "policy": "{\"Statement\":[{\"Action\":\"*\",\"Effect\":\"Allow\",\"Principal\":\"*\",\"Resource\":\"*\"}]}",
            "prefix_list_id": null,
            "private_dns_enabled": true,
            "requester_managed": false,
            "route_table_ids": [],
            "security_group_ids": [
              "sg-0848dba4f354210ec"
            ],
            "service_name": "com.amazonaws.us-east-1.codedeploy-commands-secure",
            "state": "available",
            "subnet_ids": [
              "subnet-0eedb25b5c2a93638",
              "subnet-0ff0e6befbbfd36f0"
            ],
            "tags": null,
            "timeouts": null,
            "vpc_endpoint_type": "Interface",
            "vpc_id": "vpc-080cab294e28df3df"
          },
          "sensitive_attributes": [],
          "private": "eyJlMmJmYjczMC1lY2FhLTExZTYtOGY4OC0zNDM2M2JjN2M0YzAiOnsiY3JlYXRlIjo2MDAwMDAwMDAwMDAsImRlbGV0ZSI6NjAwMDAwMDAwMDAwLCJ1cGRhdGUiOjYwMDAwMDAwMDAwMH19",
          "dependencies": [
            "aws_default_security_group.default_security_group_VPC1",
            "aws_subnet.subnet2_VPC1",
            "aws_subnet.subnet5_VPC1",
            "aws_vpc.VPC1"
          ]
        }
      ]
    }
  ]
}
